
Microsoft Visual Studio Solution File, Format Version 12.00
# Visual Studio 15
VisualStudioVersion = 15.0.26730.12
MinimumVisualStudioVersion = 10.0.40219.1
Project("{FAE04EC0-301F-11D3-BF4B-00C04F79EFBC}") = "KeyValuePairApp", "KeyValuePairApp\KeyValuePairApp.csproj", "{404CA30F-499F-4B06-8C3C-A4C6CA51EAB9}"
EndProject
Global
	GlobalSection(SolutionConfigurationPlatforms) = preSolution
		Debug|Any CPU = Debug|Any CPU
		Release|Any CPU = Release|Any CPU
	EndGlobalSection
	GlobalSection(ProjectConfigurationPlatforms) = postSolution
		{404CA30F-499F-4B06-8C3C-A4C6CA51EAB9}.Debug|Any CPU.ActiveCfg = Debug|Any CPU
		{404CA30F-499F-4B06-8C3C-A4C6CA51EAB9}.Debug|Any CPU.Build.0 = Debug|Any CPU
		{404CA30F-499F-4B06-8C3C-A4C6CA51EAB9}.Release|Any CPU.ActiveCfg = Release|Any CPU
		{404CA30F-499F-4B06-8C3C-A4C6CA51EAB9}.Release|Any CPU.Build.0 = Release|Any CPU
	EndGlobalSection
	GlobalSection(SolutionProperties) = preSolution
		HideSolutionNode = FALSE
	EndGlobalSection
	GlobalSection(ExtensibilityGlobals) = postSolution
		SolutionGuid = {04F8160A-7E9F-4AAB-8BE8-AE35C7AF2FDC}
	EndGlobalSection
EndGlobal
