
Microsoft Visual Studio Solution File, Format Version 12.00
# Visual Studio 15
VisualStudioVersion = 15.0.28307.168
MinimumVisualStudioVersion = 10.0.40219.1
Project("{9A19103F-16F7-4668-BE54-9A1E7A4F7556}") = "DesignPatternsCSharp", "DesignPatternsCSharp\DesignPatternsCSharp.csproj", "{34F1DD45-7DF8-4643-B0CE-43B664482A13}"
EndProject
Project("{9A19103F-16F7-4668-BE54-9A1E7A4F7556}") = "StrategyPattern", "StrategyPattern\StrategyPattern.csproj", "{673890F1-9769-4690-AD88-D4D805AAC2FC}"
EndProject
Project("{9A19103F-16F7-4668-BE54-9A1E7A4F7556}") = "StatePattern", "StatePattern\StatePattern.csproj", "{BF94AC4C-5929-4D81-B5C3-3668AD82CC3B}"
EndProject
Project("{9A19103F-16F7-4668-BE54-9A1E7A4F7556}") = "DesignPatternsCSharp.Tests", "DesignPatternsCSharp.Tests\DesignPatternsCSharp.Tests.csproj", "{52E8E04B-645E-4801-B5D0-81DF165DCFAD}"
EndProject
Project("{9A19103F-16F7-4668-BE54-9A1E7A4F7556}") = "CommandsPattern", "CommandsPattern\CommandsPattern.csproj", "{15182C11-7FE4-4939-AC56-166BAED67B9C}"
EndProject
Project("{9A19103F-16F7-4668-BE54-9A1E7A4F7556}") = "FactoryMethodPattern", "FactoryMethodPattern\FactoryMethodPattern.csproj", "{22D37560-DFB5-4C59-BCBD-D999047B953F}"
EndProject
Project("{9A19103F-16F7-4668-BE54-9A1E7A4F7556}") = "CompositePattern", "CompositePattern\CompositePattern.csproj", "{5F1858F7-496B-4016-84E3-9C36B7DAE799}"
EndProject
Project("{9A19103F-16F7-4668-BE54-9A1E7A4F7556}") = "BasicAlgorithmExercises", "BasicAlgorithmExercises\BasicAlgorithmExercises.csproj", "{0B80C0BC-6EA7-4FD6-BD8B-C029A968D021}"
EndProject
Project("{9A19103F-16F7-4668-BE54-9A1E7A4F7556}") = "SingleTon", "SingleTon\SingleTon.csproj", "{96D3AE91-8EAB-4BB2-A7C2-B5A0F3E4A71D}"
EndProject
Project("{9A19103F-16F7-4668-BE54-9A1E7A4F7556}") = "DependencyInjection", "DependencyInjection\DependencyInjection.csproj", "{74571A1D-3B2C-4318-8604-2CD273F3F1B7}"
EndProject
Project("{9A19103F-16F7-4668-BE54-9A1E7A4F7556}") = "AbstractFactoryPattern", "AbstractFactoryPattern\AbstractFactoryPattern.csproj", "{73FA2ED7-8AF7-4616-A804-8B0FD3C3FF51}"
EndProject
Project("{9A19103F-16F7-4668-BE54-9A1E7A4F7556}") = "SOLIDPrinciples", "SOLIDPrinciples\SOLIDPrinciples.csproj", "{9DC38F65-C570-47AD-B014-0DEA27B05378}"
EndProject
Project("{9A19103F-16F7-4668-BE54-9A1E7A4F7556}") = "BuilderDesignPattern", "BuilderDesignPattern\BuilderDesignPattern.csproj", "{8D6B5B76-0598-4801-A49A-EF3003586A46}"
EndProject
Project("{9A19103F-16F7-4668-BE54-9A1E7A4F7556}") = "DecoratorPattern", "DecoratorPattern\DecoratorPattern.csproj", "{E3D72434-6FFD-4EE1-BE71-D18C7DE2BCB7}"
EndProject
Project("{2150E333-8FDC-42A3-9474-1A3956D46DE8}") = "CSharpProgramming", "CSharpProgramming", "{2FF41235-E8ED-466A-8153-45F9A249F5F2}"
EndProject
Project("{FAE04EC0-301F-11D3-BF4B-00C04F79EFBC}") = "Comments", "Comments\Comments.csproj", "{EB5F40A4-0E8C-43BC-B03E-0B5940582B47}"
EndProject
Project("{FAE04EC0-301F-11D3-BF4B-00C04F79EFBC}") = "Variables", "Variables\Variables.csproj", "{D884D923-82EA-466A-B590-1D13402B1F64}"
EndProject
Project("{FAE04EC0-301F-11D3-BF4B-00C04F79EFBC}") = "var", "var\var.csproj", "{BDB3F18C-8CAA-491C-8D9C-101821D17F72}"
EndProject
Project("{FAE04EC0-301F-11D3-BF4B-00C04F79EFBC}") = "TypeConversion", "TypeConversion\TypeConversion.csproj", "{675F5F4F-F901-4E75-B0D9-2C50094E5204}"
EndProject
Project("{2150E333-8FDC-42A3-9474-1A3956D46DE8}") = "DesignPatterns", "DesignPatterns", "{58F9B0DB-28A5-45FB-93EE-28D7EC56E9F9}"
EndProject
Project("{FAE04EC0-301F-11D3-BF4B-00C04F79EFBC}") = "ArithmeticOperators", "ArithmeticOperators\ArithmeticOperators.csproj", "{55EE62CC-D9FA-446C-A634-B70776D04858}"
EndProject
Project("{FAE04EC0-301F-11D3-BF4B-00C04F79EFBC}") = "ArithmeticOperatorsExercise", "ArithmeticOperatorsExercise\ArithmeticOperatorsExercise.csproj", "{B54A13C6-EB6B-4CCC-800E-3A8AFDBC4A8B}"
EndProject
Project("{FAE04EC0-301F-11D3-BF4B-00C04F79EFBC}") = "ComparisonOperators", "ComparisonOperators\ComparisonOperators.csproj", "{EB45DCAF-24E9-406E-A405-C7B8E3AF4427}"
EndProject
Project("{FAE04EC0-301F-11D3-BF4B-00C04F79EFBC}") = "ConditionalStatmentsIF", "ConditionalStatmentsIF\ConditionalStatmentsIF.csproj", "{2ABA1A98-5E0A-450D-8DBA-2079586B70FD}"
EndProject
Project("{FAE04EC0-301F-11D3-BF4B-00C04F79EFBC}") = "DataTypesInDepth", "DataTypesInDepth\DataTypesInDepth.csproj", "{725DDE18-28B2-4BC1-B9CB-D16AA98355B9}"
EndProject
Project("{FAE04EC0-301F-11D3-BF4B-00C04F79EFBC}") = "DateTimeExercise", "DateTimeExercise\DateTimeExercise.csproj", "{7A2493E7-5E43-4AED-A9CB-E84CF52A2C46}"
EndProject
Project("{FAE04EC0-301F-11D3-BF4B-00C04F79EFBC}") = "EvenOrOdd", "EvenOrOdd\EvenOrOdd.csproj", "{559C82D3-190F-4E42-89B5-A4FC191373DF}"
EndProject
Project("{FAE04EC0-301F-11D3-BF4B-00C04F79EFBC}") = "FloatingPointNumbers", "FloatingPointNumbers\FloatingPointNumbers.csproj", "{A20A7907-3610-47FE-B483-752C3A5A628F}"
EndProject
Project("{FAE04EC0-301F-11D3-BF4B-00C04F79EFBC}") = "LogicalOperators", "LogicalOperators\LogicalOperators.csproj", "{1600A6FE-611F-4E93-8370-C3FF9BDEDD8E}"
EndProject
Project("{FAE04EC0-301F-11D3-BF4B-00C04F79EFBC}") = "MoreLogicalOperators", "MoreLogicalOperators\MoreLogicalOperators.csproj", "{DDFEA238-596F-4864-A371-CBD6E5F1A8A5}"
EndProject
Project("{FAE04EC0-301F-11D3-BF4B-00C04F79EFBC}") = "PrecedenceOfoperators", "PrecedenceOfoperators\PrecedenceOfoperators.csproj", "{2DE465B6-67C1-4B8E-A16E-4E509A3FC43C}"
EndProject
Project("{FAE04EC0-301F-11D3-BF4B-00C04F79EFBC}") = "ReadLine", "ReadLine\ReadLine.csproj", "{29BB6F40-FBB2-43B3-ABBC-69FC7253C191}"
EndProject
Project("{FAE04EC0-301F-11D3-BF4B-00C04F79EFBC}") = "SwitchStatment", "SwitchStatment\SwitchStatment.csproj", "{6C51C5C2-ADDC-47FB-A97F-58CC2B8F5C6F}"
EndProject
Project("{2150E333-8FDC-42A3-9474-1A3956D46DE8}") = "Basics", "Basics", "{C363F275-BEFC-4A29-8E00-D924B9B8D833}"
EndProject
Project("{2150E333-8FDC-42A3-9474-1A3956D46DE8}") = "OOP", "OOP", "{C606E0FD-00F9-4820-BD08-FC231FA35116}"
EndProject
Project("{FAE04EC0-301F-11D3-BF4B-00C04F79EFBC}") = "Abstraction", "Abstraction\Abstraction.csproj", "{3B0B2770-5A1F-4287-8C95-360FFDD2F0C5}"
EndProject
Project("{FAE04EC0-301F-11D3-BF4B-00C04F79EFBC}") = "CarsExercise", "CarsExercise\CarsExercise.csproj", "{A92B704F-C85C-4FB7-9D3D-1F014407143D}"
EndProject
Project("{FAE04EC0-301F-11D3-BF4B-00C04F79EFBC}") = "Classes", "Classes\Classes.csproj", "{EEA6F2EF-78A7-4B46-9888-120B248C3982}"
EndProject
Project("{FAE04EC0-301F-11D3-BF4B-00C04F79EFBC}") = "Constructors", "Constructors\Constructors.csproj", "{6C27B70C-EBBF-4B28-82C2-AE37E8F8B3F3}"
EndProject
Project("{FAE04EC0-301F-11D3-BF4B-00C04F79EFBC}") = "Encapsulation", "Encapsulation\Encapsulation.csproj", "{64A91AB2-B886-4506-9E7B-391B461A0A97}"
EndProject
Project("{FAE04EC0-301F-11D3-BF4B-00C04F79EFBC}") = "Inheritance", "Inheritance\Inheritance.csproj", "{E453DE35-7135-489E-B246-461955F65EBE}"
EndProject
Project("{FAE04EC0-301F-11D3-BF4B-00C04F79EFBC}") = "MethodsPart1", "MethodsPart1\MethodsPart1.csproj", "{6C7D972C-2080-4C4C-BC41-8CC462EB0A7C}"
EndProject
Project("{FAE04EC0-301F-11D3-BF4B-00C04F79EFBC}") = "MethodsPart2", "MethodsPart2\MethodsPart2.csproj", "{6A699A3F-C21B-45FD-8E2A-BAF2625D5BC9}"
EndProject
Project("{FAE04EC0-301F-11D3-BF4B-00C04F79EFBC}") = "MethodsPart3", "MethodsPart3\MethodsPart3.csproj", "{F84FD720-73E6-43BC-BF26-7A456FDF4CA4}"
EndProject
Project("{FAE04EC0-301F-11D3-BF4B-00C04F79EFBC}") = "MethodsPart4", "MethodsPart4\MethodsPart4.csproj", "{4A83DFFC-9B7A-44ED-BA81-C0C3CB772503}"
EndProject
Project("{FAE04EC0-301F-11D3-BF4B-00C04F79EFBC}") = "Polymorphism", "Polymorphism\Polymorphism.csproj", "{4EAEC4CF-7A74-4EDF-8AE1-91B9D446E28A}"
EndProject
Project("{FAE04EC0-301F-11D3-BF4B-00C04F79EFBC}") = "Scope", "Scope\Scope.csproj", "{9B5F1D32-8602-4B28-8A25-AF53CE9D2A3D}"
EndProject
Project("{FAE04EC0-301F-11D3-BF4B-00C04F79EFBC}") = "VehicleInheritanceExercise", "VehicleInheritanceExercise\VehicleInheritanceExercise.csproj", "{457C3AEE-C5FC-43A8-BD48-E15AC9575964}"
EndProject
Project("{FAE04EC0-301F-11D3-BF4B-00C04F79EFBC}") = "StaticMethods", "StaticMethods\StaticMethods.csproj", "{F0AA3688-4523-47BB-B383-7B54732E94D1}"
EndProject
Project("{FAE04EC0-301F-11D3-BF4B-00C04F79EFBC}") = "SimpleMethodExercise", "SimpleMethodExercise\SimpleMethodExercise.csproj", "{09513820-4349-4B91-9FA1-BC07562EA7BB}"
EndProject
Project("{FAE04EC0-301F-11D3-BF4B-00C04F79EFBC}") = "CountryExercise", "CountryExercise\CountryExercise.csproj", "{B931352F-13B8-4CB4-8DDC-91E83A3FBE3C}"
EndProject
Project("{FAE04EC0-301F-11D3-BF4B-00C04F79EFBC}") = "Enumerations", "Enumerations\Enumerations.csproj", "{D656C411-50D8-4CEB-8DA6-557ABF89824A}"
EndProject
Project("{FAE04EC0-301F-11D3-BF4B-00C04F79EFBC}") = "ExceptionExercise", "ExceptionExercise\ExceptionExercise.csproj", "{3C0C59F2-9C59-4C80-81DE-A13A39FF7005}"
EndProject
Project("{FAE04EC0-301F-11D3-BF4B-00C04F79EFBC}") = "ExceptionHandling", "ExceptionHandling\ExceptionHandling.csproj", "{03E0B553-78C5-42BA-BC89-60CFC1BA8348}"
EndProject
Project("{FAE04EC0-301F-11D3-BF4B-00C04F79EFBC}") = "Namespaces", "Namespaces\Namespaces.csproj", "{F8719800-1395-44D7-85B8-B7A3910FA944}"
EndProject
Project("{FAE04EC0-301F-11D3-BF4B-00C04F79EFBC}") = "NestedClasses", "NestedClasses\NestedClasses.csproj", "{D4F7B891-969A-4A5D-86FA-10877A4188C7}"
EndProject
Project("{FAE04EC0-301F-11D3-BF4B-00C04F79EFBC}") = "PartialClasses", "PartialClasses\PartialClasses.csproj", "{68B35C28-BB21-4E1C-BC3D-685F13C7B488}"
EndProject
Project("{FAE04EC0-301F-11D3-BF4B-00C04F79EFBC}") = "SealedClasses", "SealedClasses\SealedClasses\SealedClasses.csproj", "{283B49E7-D43D-4CD3-B830-298BB6C293D0}"
EndProject
Project("{FAE04EC0-301F-11D3-BF4B-00C04F79EFBC}") = "StaticClasses", "StaticClasses\StaticClasses\StaticClasses.csproj", "{6BD54604-3AEC-48A4-A210-137D6C7F610D}"
EndProject
Project("{FAE04EC0-301F-11D3-BF4B-00C04F79EFBC}") = "Structs", "Structs\Structs.csproj", "{F4EC3E86-E45D-433A-86D0-378C45FD9E50}"
EndProject
Project("{FAE04EC0-301F-11D3-BF4B-00C04F79EFBC}") = "ThisKeyword", "ThisKeyword\ThisKeyword.csproj", "{8CDA2294-6F4A-42AF-8570-C17AB827AC3A}"
EndProject
Global
	GlobalSection(SolutionConfigurationPlatforms) = preSolution
		Debug|Any CPU = Debug|Any CPU
		Release|Any CPU = Release|Any CPU
	EndGlobalSection
	GlobalSection(ProjectConfigurationPlatforms) = postSolution
		{34F1DD45-7DF8-4643-B0CE-43B664482A13}.Debug|Any CPU.ActiveCfg = Debug|Any CPU
		{34F1DD45-7DF8-4643-B0CE-43B664482A13}.Debug|Any CPU.Build.0 = Debug|Any CPU
		{34F1DD45-7DF8-4643-B0CE-43B664482A13}.Release|Any CPU.ActiveCfg = Release|Any CPU
		{34F1DD45-7DF8-4643-B0CE-43B664482A13}.Release|Any CPU.Build.0 = Release|Any CPU
		{673890F1-9769-4690-AD88-D4D805AAC2FC}.Debug|Any CPU.ActiveCfg = Debug|Any CPU
		{673890F1-9769-4690-AD88-D4D805AAC2FC}.Debug|Any CPU.Build.0 = Debug|Any CPU
		{673890F1-9769-4690-AD88-D4D805AAC2FC}.Release|Any CPU.ActiveCfg = Release|Any CPU
		{673890F1-9769-4690-AD88-D4D805AAC2FC}.Release|Any CPU.Build.0 = Release|Any CPU
		{BF94AC4C-5929-4D81-B5C3-3668AD82CC3B}.Debug|Any CPU.ActiveCfg = Debug|Any CPU
		{BF94AC4C-5929-4D81-B5C3-3668AD82CC3B}.Debug|Any CPU.Build.0 = Debug|Any CPU
		{BF94AC4C-5929-4D81-B5C3-3668AD82CC3B}.Release|Any CPU.ActiveCfg = Release|Any CPU
		{BF94AC4C-5929-4D81-B5C3-3668AD82CC3B}.Release|Any CPU.Build.0 = Release|Any CPU
		{52E8E04B-645E-4801-B5D0-81DF165DCFAD}.Debug|Any CPU.ActiveCfg = Debug|Any CPU
		{52E8E04B-645E-4801-B5D0-81DF165DCFAD}.Debug|Any CPU.Build.0 = Debug|Any CPU
		{52E8E04B-645E-4801-B5D0-81DF165DCFAD}.Release|Any CPU.ActiveCfg = Release|Any CPU
		{52E8E04B-645E-4801-B5D0-81DF165DCFAD}.Release|Any CPU.Build.0 = Release|Any CPU
		{15182C11-7FE4-4939-AC56-166BAED67B9C}.Debug|Any CPU.ActiveCfg = Debug|Any CPU
		{15182C11-7FE4-4939-AC56-166BAED67B9C}.Debug|Any CPU.Build.0 = Debug|Any CPU
		{15182C11-7FE4-4939-AC56-166BAED67B9C}.Release|Any CPU.ActiveCfg = Release|Any CPU
		{15182C11-7FE4-4939-AC56-166BAED67B9C}.Release|Any CPU.Build.0 = Release|Any CPU
		{22D37560-DFB5-4C59-BCBD-D999047B953F}.Debug|Any CPU.ActiveCfg = Debug|Any CPU
		{22D37560-DFB5-4C59-BCBD-D999047B953F}.Debug|Any CPU.Build.0 = Debug|Any CPU
		{22D37560-DFB5-4C59-BCBD-D999047B953F}.Release|Any CPU.ActiveCfg = Release|Any CPU
		{22D37560-DFB5-4C59-BCBD-D999047B953F}.Release|Any CPU.Build.0 = Release|Any CPU
		{5F1858F7-496B-4016-84E3-9C36B7DAE799}.Debug|Any CPU.ActiveCfg = Debug|Any CPU
		{5F1858F7-496B-4016-84E3-9C36B7DAE799}.Debug|Any CPU.Build.0 = Debug|Any CPU
		{5F1858F7-496B-4016-84E3-9C36B7DAE799}.Release|Any CPU.ActiveCfg = Release|Any CPU
		{5F1858F7-496B-4016-84E3-9C36B7DAE799}.Release|Any CPU.Build.0 = Release|Any CPU
		{0B80C0BC-6EA7-4FD6-BD8B-C029A968D021}.Debug|Any CPU.ActiveCfg = Debug|Any CPU
		{0B80C0BC-6EA7-4FD6-BD8B-C029A968D021}.Debug|Any CPU.Build.0 = Debug|Any CPU
		{0B80C0BC-6EA7-4FD6-BD8B-C029A968D021}.Release|Any CPU.ActiveCfg = Release|Any CPU
		{0B80C0BC-6EA7-4FD6-BD8B-C029A968D021}.Release|Any CPU.Build.0 = Release|Any CPU
		{96D3AE91-8EAB-4BB2-A7C2-B5A0F3E4A71D}.Debug|Any CPU.ActiveCfg = Debug|Any CPU
		{96D3AE91-8EAB-4BB2-A7C2-B5A0F3E4A71D}.Debug|Any CPU.Build.0 = Debug|Any CPU
		{96D3AE91-8EAB-4BB2-A7C2-B5A0F3E4A71D}.Release|Any CPU.ActiveCfg = Release|Any CPU
		{96D3AE91-8EAB-4BB2-A7C2-B5A0F3E4A71D}.Release|Any CPU.Build.0 = Release|Any CPU
		{74571A1D-3B2C-4318-8604-2CD273F3F1B7}.Debug|Any CPU.ActiveCfg = Debug|Any CPU
		{74571A1D-3B2C-4318-8604-2CD273F3F1B7}.Debug|Any CPU.Build.0 = Debug|Any CPU
		{74571A1D-3B2C-4318-8604-2CD273F3F1B7}.Release|Any CPU.ActiveCfg = Release|Any CPU
		{74571A1D-3B2C-4318-8604-2CD273F3F1B7}.Release|Any CPU.Build.0 = Release|Any CPU
		{73FA2ED7-8AF7-4616-A804-8B0FD3C3FF51}.Debug|Any CPU.ActiveCfg = Debug|Any CPU
		{73FA2ED7-8AF7-4616-A804-8B0FD3C3FF51}.Debug|Any CPU.Build.0 = Debug|Any CPU
		{73FA2ED7-8AF7-4616-A804-8B0FD3C3FF51}.Release|Any CPU.ActiveCfg = Release|Any CPU
		{73FA2ED7-8AF7-4616-A804-8B0FD3C3FF51}.Release|Any CPU.Build.0 = Release|Any CPU
		{9DC38F65-C570-47AD-B014-0DEA27B05378}.Debug|Any CPU.ActiveCfg = Debug|Any CPU
		{9DC38F65-C570-47AD-B014-0DEA27B05378}.Debug|Any CPU.Build.0 = Debug|Any CPU
		{9DC38F65-C570-47AD-B014-0DEA27B05378}.Release|Any CPU.ActiveCfg = Release|Any CPU
		{9DC38F65-C570-47AD-B014-0DEA27B05378}.Release|Any CPU.Build.0 = Release|Any CPU
		{8D6B5B76-0598-4801-A49A-EF3003586A46}.Debug|Any CPU.ActiveCfg = Debug|Any CPU
		{8D6B5B76-0598-4801-A49A-EF3003586A46}.Debug|Any CPU.Build.0 = Debug|Any CPU
		{8D6B5B76-0598-4801-A49A-EF3003586A46}.Release|Any CPU.ActiveCfg = Release|Any CPU
		{8D6B5B76-0598-4801-A49A-EF3003586A46}.Release|Any CPU.Build.0 = Release|Any CPU
		{E3D72434-6FFD-4EE1-BE71-D18C7DE2BCB7}.Debug|Any CPU.ActiveCfg = Debug|Any CPU
		{E3D72434-6FFD-4EE1-BE71-D18C7DE2BCB7}.Debug|Any CPU.Build.0 = Debug|Any CPU
		{E3D72434-6FFD-4EE1-BE71-D18C7DE2BCB7}.Release|Any CPU.ActiveCfg = Release|Any CPU
		{E3D72434-6FFD-4EE1-BE71-D18C7DE2BCB7}.Release|Any CPU.Build.0 = Release|Any CPU
		{EB5F40A4-0E8C-43BC-B03E-0B5940582B47}.Debug|Any CPU.ActiveCfg = Debug|Any CPU
		{EB5F40A4-0E8C-43BC-B03E-0B5940582B47}.Debug|Any CPU.Build.0 = Debug|Any CPU
		{EB5F40A4-0E8C-43BC-B03E-0B5940582B47}.Release|Any CPU.ActiveCfg = Release|Any CPU
		{EB5F40A4-0E8C-43BC-B03E-0B5940582B47}.Release|Any CPU.Build.0 = Release|Any CPU
		{D884D923-82EA-466A-B590-1D13402B1F64}.Debug|Any CPU.ActiveCfg = Debug|Any CPU
		{D884D923-82EA-466A-B590-1D13402B1F64}.Debug|Any CPU.Build.0 = Debug|Any CPU
		{D884D923-82EA-466A-B590-1D13402B1F64}.Release|Any CPU.ActiveCfg = Release|Any CPU
		{D884D923-82EA-466A-B590-1D13402B1F64}.Release|Any CPU.Build.0 = Release|Any CPU
		{BDB3F18C-8CAA-491C-8D9C-101821D17F72}.Debug|Any CPU.ActiveCfg = Debug|Any CPU
		{BDB3F18C-8CAA-491C-8D9C-101821D17F72}.Debug|Any CPU.Build.0 = Debug|Any CPU
		{BDB3F18C-8CAA-491C-8D9C-101821D17F72}.Release|Any CPU.ActiveCfg = Release|Any CPU
		{BDB3F18C-8CAA-491C-8D9C-101821D17F72}.Release|Any CPU.Build.0 = Release|Any CPU
		{675F5F4F-F901-4E75-B0D9-2C50094E5204}.Debug|Any CPU.ActiveCfg = Debug|Any CPU
		{675F5F4F-F901-4E75-B0D9-2C50094E5204}.Debug|Any CPU.Build.0 = Debug|Any CPU
		{675F5F4F-F901-4E75-B0D9-2C50094E5204}.Release|Any CPU.ActiveCfg = Release|Any CPU
		{675F5F4F-F901-4E75-B0D9-2C50094E5204}.Release|Any CPU.Build.0 = Release|Any CPU
		{55EE62CC-D9FA-446C-A634-B70776D04858}.Debug|Any CPU.ActiveCfg = Debug|Any CPU
		{55EE62CC-D9FA-446C-A634-B70776D04858}.Debug|Any CPU.Build.0 = Debug|Any CPU
		{55EE62CC-D9FA-446C-A634-B70776D04858}.Release|Any CPU.ActiveCfg = Release|Any CPU
		{55EE62CC-D9FA-446C-A634-B70776D04858}.Release|Any CPU.Build.0 = Release|Any CPU
		{B54A13C6-EB6B-4CCC-800E-3A8AFDBC4A8B}.Debug|Any CPU.ActiveCfg = Debug|Any CPU
		{B54A13C6-EB6B-4CCC-800E-3A8AFDBC4A8B}.Debug|Any CPU.Build.0 = Debug|Any CPU
		{B54A13C6-EB6B-4CCC-800E-3A8AFDBC4A8B}.Release|Any CPU.ActiveCfg = Release|Any CPU
		{B54A13C6-EB6B-4CCC-800E-3A8AFDBC4A8B}.Release|Any CPU.Build.0 = Release|Any CPU
		{EB45DCAF-24E9-406E-A405-C7B8E3AF4427}.Debug|Any CPU.ActiveCfg = Debug|Any CPU
		{EB45DCAF-24E9-406E-A405-C7B8E3AF4427}.Debug|Any CPU.Build.0 = Debug|Any CPU
		{EB45DCAF-24E9-406E-A405-C7B8E3AF4427}.Release|Any CPU.ActiveCfg = Release|Any CPU
		{EB45DCAF-24E9-406E-A405-C7B8E3AF4427}.Release|Any CPU.Build.0 = Release|Any CPU
		{2ABA1A98-5E0A-450D-8DBA-2079586B70FD}.Debug|Any CPU.ActiveCfg = Debug|Any CPU
		{2ABA1A98-5E0A-450D-8DBA-2079586B70FD}.Debug|Any CPU.Build.0 = Debug|Any CPU
		{2ABA1A98-5E0A-450D-8DBA-2079586B70FD}.Release|Any CPU.ActiveCfg = Release|Any CPU
		{2ABA1A98-5E0A-450D-8DBA-2079586B70FD}.Release|Any CPU.Build.0 = Release|Any CPU
		{725DDE18-28B2-4BC1-B9CB-D16AA98355B9}.Debug|Any CPU.ActiveCfg = Debug|Any CPU
		{725DDE18-28B2-4BC1-B9CB-D16AA98355B9}.Debug|Any CPU.Build.0 = Debug|Any CPU
		{725DDE18-28B2-4BC1-B9CB-D16AA98355B9}.Release|Any CPU.ActiveCfg = Release|Any CPU
		{725DDE18-28B2-4BC1-B9CB-D16AA98355B9}.Release|Any CPU.Build.0 = Release|Any CPU
		{7A2493E7-5E43-4AED-A9CB-E84CF52A2C46}.Debug|Any CPU.ActiveCfg = Debug|Any CPU
		{7A2493E7-5E43-4AED-A9CB-E84CF52A2C46}.Debug|Any CPU.Build.0 = Debug|Any CPU
		{7A2493E7-5E43-4AED-A9CB-E84CF52A2C46}.Release|Any CPU.ActiveCfg = Release|Any CPU
		{7A2493E7-5E43-4AED-A9CB-E84CF52A2C46}.Release|Any CPU.Build.0 = Release|Any CPU
		{559C82D3-190F-4E42-89B5-A4FC191373DF}.Debug|Any CPU.ActiveCfg = Debug|Any CPU
		{559C82D3-190F-4E42-89B5-A4FC191373DF}.Debug|Any CPU.Build.0 = Debug|Any CPU
		{559C82D3-190F-4E42-89B5-A4FC191373DF}.Release|Any CPU.ActiveCfg = Release|Any CPU
		{559C82D3-190F-4E42-89B5-A4FC191373DF}.Release|Any CPU.Build.0 = Release|Any CPU
		{A20A7907-3610-47FE-B483-752C3A5A628F}.Debug|Any CPU.ActiveCfg = Debug|Any CPU
		{A20A7907-3610-47FE-B483-752C3A5A628F}.Debug|Any CPU.Build.0 = Debug|Any CPU
		{A20A7907-3610-47FE-B483-752C3A5A628F}.Release|Any CPU.ActiveCfg = Release|Any CPU
		{A20A7907-3610-47FE-B483-752C3A5A628F}.Release|Any CPU.Build.0 = Release|Any CPU
		{1600A6FE-611F-4E93-8370-C3FF9BDEDD8E}.Debug|Any CPU.ActiveCfg = Debug|Any CPU
		{1600A6FE-611F-4E93-8370-C3FF9BDEDD8E}.Debug|Any CPU.Build.0 = Debug|Any CPU
		{1600A6FE-611F-4E93-8370-C3FF9BDEDD8E}.Release|Any CPU.ActiveCfg = Release|Any CPU
		{1600A6FE-611F-4E93-8370-C3FF9BDEDD8E}.Release|Any CPU.Build.0 = Release|Any CPU
		{DDFEA238-596F-4864-A371-CBD6E5F1A8A5}.Debug|Any CPU.ActiveCfg = Debug|Any CPU
		{DDFEA238-596F-4864-A371-CBD6E5F1A8A5}.Debug|Any CPU.Build.0 = Debug|Any CPU
		{DDFEA238-596F-4864-A371-CBD6E5F1A8A5}.Release|Any CPU.ActiveCfg = Release|Any CPU
		{DDFEA238-596F-4864-A371-CBD6E5F1A8A5}.Release|Any CPU.Build.0 = Release|Any CPU
		{2DE465B6-67C1-4B8E-A16E-4E509A3FC43C}.Debug|Any CPU.ActiveCfg = Debug|Any CPU
		{2DE465B6-67C1-4B8E-A16E-4E509A3FC43C}.Debug|Any CPU.Build.0 = Debug|Any CPU
		{2DE465B6-67C1-4B8E-A16E-4E509A3FC43C}.Release|Any CPU.ActiveCfg = Release|Any CPU
		{2DE465B6-67C1-4B8E-A16E-4E509A3FC43C}.Release|Any CPU.Build.0 = Release|Any CPU
		{29BB6F40-FBB2-43B3-ABBC-69FC7253C191}.Debug|Any CPU.ActiveCfg = Debug|Any CPU
		{29BB6F40-FBB2-43B3-ABBC-69FC7253C191}.Debug|Any CPU.Build.0 = Debug|Any CPU
		{29BB6F40-FBB2-43B3-ABBC-69FC7253C191}.Release|Any CPU.ActiveCfg = Release|Any CPU
		{29BB6F40-FBB2-43B3-ABBC-69FC7253C191}.Release|Any CPU.Build.0 = Release|Any CPU
		{6C51C5C2-ADDC-47FB-A97F-58CC2B8F5C6F}.Debug|Any CPU.ActiveCfg = Debug|Any CPU
		{6C51C5C2-ADDC-47FB-A97F-58CC2B8F5C6F}.Debug|Any CPU.Build.0 = Debug|Any CPU
		{6C51C5C2-ADDC-47FB-A97F-58CC2B8F5C6F}.Release|Any CPU.ActiveCfg = Release|Any CPU
		{6C51C5C2-ADDC-47FB-A97F-58CC2B8F5C6F}.Release|Any CPU.Build.0 = Release|Any CPU
		{3B0B2770-5A1F-4287-8C95-360FFDD2F0C5}.Debug|Any CPU.ActiveCfg = Debug|Any CPU
		{3B0B2770-5A1F-4287-8C95-360FFDD2F0C5}.Debug|Any CPU.Build.0 = Debug|Any CPU
		{3B0B2770-5A1F-4287-8C95-360FFDD2F0C5}.Release|Any CPU.ActiveCfg = Release|Any CPU
		{3B0B2770-5A1F-4287-8C95-360FFDD2F0C5}.Release|Any CPU.Build.0 = Release|Any CPU
		{A92B704F-C85C-4FB7-9D3D-1F014407143D}.Debug|Any CPU.ActiveCfg = Debug|Any CPU
		{A92B704F-C85C-4FB7-9D3D-1F014407143D}.Debug|Any CPU.Build.0 = Debug|Any CPU
		{A92B704F-C85C-4FB7-9D3D-1F014407143D}.Release|Any CPU.ActiveCfg = Release|Any CPU
		{A92B704F-C85C-4FB7-9D3D-1F014407143D}.Release|Any CPU.Build.0 = Release|Any CPU
		{EEA6F2EF-78A7-4B46-9888-120B248C3982}.Debug|Any CPU.ActiveCfg = Debug|Any CPU
		{EEA6F2EF-78A7-4B46-9888-120B248C3982}.Debug|Any CPU.Build.0 = Debug|Any CPU
		{EEA6F2EF-78A7-4B46-9888-120B248C3982}.Release|Any CPU.ActiveCfg = Release|Any CPU
		{EEA6F2EF-78A7-4B46-9888-120B248C3982}.Release|Any CPU.Build.0 = Release|Any CPU
		{6C27B70C-EBBF-4B28-82C2-AE37E8F8B3F3}.Debug|Any CPU.ActiveCfg = Debug|Any CPU
		{6C27B70C-EBBF-4B28-82C2-AE37E8F8B3F3}.Debug|Any CPU.Build.0 = Debug|Any CPU
		{6C27B70C-EBBF-4B28-82C2-AE37E8F8B3F3}.Release|Any CPU.ActiveCfg = Release|Any CPU
		{6C27B70C-EBBF-4B28-82C2-AE37E8F8B3F3}.Release|Any CPU.Build.0 = Release|Any CPU
		{64A91AB2-B886-4506-9E7B-391B461A0A97}.Debug|Any CPU.ActiveCfg = Debug|Any CPU
		{64A91AB2-B886-4506-9E7B-391B461A0A97}.Debug|Any CPU.Build.0 = Debug|Any CPU
		{64A91AB2-B886-4506-9E7B-391B461A0A97}.Release|Any CPU.ActiveCfg = Release|Any CPU
		{64A91AB2-B886-4506-9E7B-391B461A0A97}.Release|Any CPU.Build.0 = Release|Any CPU
		{E453DE35-7135-489E-B246-461955F65EBE}.Debug|Any CPU.ActiveCfg = Debug|Any CPU
		{E453DE35-7135-489E-B246-461955F65EBE}.Debug|Any CPU.Build.0 = Debug|Any CPU
		{E453DE35-7135-489E-B246-461955F65EBE}.Release|Any CPU.ActiveCfg = Release|Any CPU
		{E453DE35-7135-489E-B246-461955F65EBE}.Release|Any CPU.Build.0 = Release|Any CPU
		{6C7D972C-2080-4C4C-BC41-8CC462EB0A7C}.Debug|Any CPU.ActiveCfg = Debug|Any CPU
		{6C7D972C-2080-4C4C-BC41-8CC462EB0A7C}.Debug|Any CPU.Build.0 = Debug|Any CPU
		{6C7D972C-2080-4C4C-BC41-8CC462EB0A7C}.Release|Any CPU.ActiveCfg = Release|Any CPU
		{6C7D972C-2080-4C4C-BC41-8CC462EB0A7C}.Release|Any CPU.Build.0 = Release|Any CPU
		{6A699A3F-C21B-45FD-8E2A-BAF2625D5BC9}.Debug|Any CPU.ActiveCfg = Debug|Any CPU
		{6A699A3F-C21B-45FD-8E2A-BAF2625D5BC9}.Debug|Any CPU.Build.0 = Debug|Any CPU
		{6A699A3F-C21B-45FD-8E2A-BAF2625D5BC9}.Release|Any CPU.ActiveCfg = Release|Any CPU
		{6A699A3F-C21B-45FD-8E2A-BAF2625D5BC9}.Release|Any CPU.Build.0 = Release|Any CPU
		{F84FD720-73E6-43BC-BF26-7A456FDF4CA4}.Debug|Any CPU.ActiveCfg = Debug|Any CPU
		{F84FD720-73E6-43BC-BF26-7A456FDF4CA4}.Debug|Any CPU.Build.0 = Debug|Any CPU
		{F84FD720-73E6-43BC-BF26-7A456FDF4CA4}.Release|Any CPU.ActiveCfg = Release|Any CPU
		{F84FD720-73E6-43BC-BF26-7A456FDF4CA4}.Release|Any CPU.Build.0 = Release|Any CPU
		{4A83DFFC-9B7A-44ED-BA81-C0C3CB772503}.Debug|Any CPU.ActiveCfg = Debug|Any CPU
		{4A83DFFC-9B7A-44ED-BA81-C0C3CB772503}.Debug|Any CPU.Build.0 = Debug|Any CPU
		{4A83DFFC-9B7A-44ED-BA81-C0C3CB772503}.Release|Any CPU.ActiveCfg = Release|Any CPU
		{4A83DFFC-9B7A-44ED-BA81-C0C3CB772503}.Release|Any CPU.Build.0 = Release|Any CPU
		{4EAEC4CF-7A74-4EDF-8AE1-91B9D446E28A}.Debug|Any CPU.ActiveCfg = Debug|Any CPU
		{4EAEC4CF-7A74-4EDF-8AE1-91B9D446E28A}.Debug|Any CPU.Build.0 = Debug|Any CPU
		{4EAEC4CF-7A74-4EDF-8AE1-91B9D446E28A}.Release|Any CPU.ActiveCfg = Release|Any CPU
		{4EAEC4CF-7A74-4EDF-8AE1-91B9D446E28A}.Release|Any CPU.Build.0 = Release|Any CPU
		{9B5F1D32-8602-4B28-8A25-AF53CE9D2A3D}.Debug|Any CPU.ActiveCfg = Debug|Any CPU
		{9B5F1D32-8602-4B28-8A25-AF53CE9D2A3D}.Debug|Any CPU.Build.0 = Debug|Any CPU
		{9B5F1D32-8602-4B28-8A25-AF53CE9D2A3D}.Release|Any CPU.ActiveCfg = Release|Any CPU
		{9B5F1D32-8602-4B28-8A25-AF53CE9D2A3D}.Release|Any CPU.Build.0 = Release|Any CPU
		{457C3AEE-C5FC-43A8-BD48-E15AC9575964}.Debug|Any CPU.ActiveCfg = Debug|Any CPU
		{457C3AEE-C5FC-43A8-BD48-E15AC9575964}.Debug|Any CPU.Build.0 = Debug|Any CPU
		{457C3AEE-C5FC-43A8-BD48-E15AC9575964}.Release|Any CPU.ActiveCfg = Release|Any CPU
		{457C3AEE-C5FC-43A8-BD48-E15AC9575964}.Release|Any CPU.Build.0 = Release|Any CPU
		{F0AA3688-4523-47BB-B383-7B54732E94D1}.Debug|Any CPU.ActiveCfg = Debug|Any CPU
		{F0AA3688-4523-47BB-B383-7B54732E94D1}.Debug|Any CPU.Build.0 = Debug|Any CPU
		{F0AA3688-4523-47BB-B383-7B54732E94D1}.Release|Any CPU.ActiveCfg = Release|Any CPU
		{F0AA3688-4523-47BB-B383-7B54732E94D1}.Release|Any CPU.Build.0 = Release|Any CPU
		{09513820-4349-4B91-9FA1-BC07562EA7BB}.Debug|Any CPU.ActiveCfg = Debug|Any CPU
		{09513820-4349-4B91-9FA1-BC07562EA7BB}.Debug|Any CPU.Build.0 = Debug|Any CPU
		{09513820-4349-4B91-9FA1-BC07562EA7BB}.Release|Any CPU.ActiveCfg = Release|Any CPU
		{09513820-4349-4B91-9FA1-BC07562EA7BB}.Release|Any CPU.Build.0 = Release|Any CPU
		{B931352F-13B8-4CB4-8DDC-91E83A3FBE3C}.Debug|Any CPU.ActiveCfg = Debug|Any CPU
		{B931352F-13B8-4CB4-8DDC-91E83A3FBE3C}.Debug|Any CPU.Build.0 = Debug|Any CPU
		{B931352F-13B8-4CB4-8DDC-91E83A3FBE3C}.Release|Any CPU.ActiveCfg = Release|Any CPU
		{B931352F-13B8-4CB4-8DDC-91E83A3FBE3C}.Release|Any CPU.Build.0 = Release|Any CPU
		{D656C411-50D8-4CEB-8DA6-557ABF89824A}.Debug|Any CPU.ActiveCfg = Debug|Any CPU
		{D656C411-50D8-4CEB-8DA6-557ABF89824A}.Debug|Any CPU.Build.0 = Debug|Any CPU
		{D656C411-50D8-4CEB-8DA6-557ABF89824A}.Release|Any CPU.ActiveCfg = Release|Any CPU
		{D656C411-50D8-4CEB-8DA6-557ABF89824A}.Release|Any CPU.Build.0 = Release|Any CPU
		{3C0C59F2-9C59-4C80-81DE-A13A39FF7005}.Debug|Any CPU.ActiveCfg = Debug|Any CPU
		{3C0C59F2-9C59-4C80-81DE-A13A39FF7005}.Debug|Any CPU.Build.0 = Debug|Any CPU
		{3C0C59F2-9C59-4C80-81DE-A13A39FF7005}.Release|Any CPU.ActiveCfg = Release|Any CPU
		{3C0C59F2-9C59-4C80-81DE-A13A39FF7005}.Release|Any CPU.Build.0 = Release|Any CPU
		{03E0B553-78C5-42BA-BC89-60CFC1BA8348}.Debug|Any CPU.ActiveCfg = Debug|Any CPU
		{03E0B553-78C5-42BA-BC89-60CFC1BA8348}.Debug|Any CPU.Build.0 = Debug|Any CPU
		{03E0B553-78C5-42BA-BC89-60CFC1BA8348}.Release|Any CPU.ActiveCfg = Release|Any CPU
		{03E0B553-78C5-42BA-BC89-60CFC1BA8348}.Release|Any CPU.Build.0 = Release|Any CPU
		{F8719800-1395-44D7-85B8-B7A3910FA944}.Debug|Any CPU.ActiveCfg = Debug|Any CPU
		{F8719800-1395-44D7-85B8-B7A3910FA944}.Debug|Any CPU.Build.0 = Debug|Any CPU
		{F8719800-1395-44D7-85B8-B7A3910FA944}.Release|Any CPU.ActiveCfg = Release|Any CPU
		{F8719800-1395-44D7-85B8-B7A3910FA944}.Release|Any CPU.Build.0 = Release|Any CPU
		{D4F7B891-969A-4A5D-86FA-10877A4188C7}.Debug|Any CPU.ActiveCfg = Debug|Any CPU
		{D4F7B891-969A-4A5D-86FA-10877A4188C7}.Debug|Any CPU.Build.0 = Debug|Any CPU
		{D4F7B891-969A-4A5D-86FA-10877A4188C7}.Release|Any CPU.ActiveCfg = Release|Any CPU
		{D4F7B891-969A-4A5D-86FA-10877A4188C7}.Release|Any CPU.Build.0 = Release|Any CPU
		{68B35C28-BB21-4E1C-BC3D-685F13C7B488}.Debug|Any CPU.ActiveCfg = Debug|Any CPU
		{68B35C28-BB21-4E1C-BC3D-685F13C7B488}.Debug|Any CPU.Build.0 = Debug|Any CPU
		{68B35C28-BB21-4E1C-BC3D-685F13C7B488}.Release|Any CPU.ActiveCfg = Release|Any CPU
		{68B35C28-BB21-4E1C-BC3D-685F13C7B488}.Release|Any CPU.Build.0 = Release|Any CPU
		{283B49E7-D43D-4CD3-B830-298BB6C293D0}.Debug|Any CPU.ActiveCfg = Debug|Any CPU
		{283B49E7-D43D-4CD3-B830-298BB6C293D0}.Debug|Any CPU.Build.0 = Debug|Any CPU
		{283B49E7-D43D-4CD3-B830-298BB6C293D0}.Release|Any CPU.ActiveCfg = Release|Any CPU
		{283B49E7-D43D-4CD3-B830-298BB6C293D0}.Release|Any CPU.Build.0 = Release|Any CPU
		{6BD54604-3AEC-48A4-A210-137D6C7F610D}.Debug|Any CPU.ActiveCfg = Debug|Any CPU
		{6BD54604-3AEC-48A4-A210-137D6C7F610D}.Debug|Any CPU.Build.0 = Debug|Any CPU
		{6BD54604-3AEC-48A4-A210-137D6C7F610D}.Release|Any CPU.ActiveCfg = Release|Any CPU
		{6BD54604-3AEC-48A4-A210-137D6C7F610D}.Release|Any CPU.Build.0 = Release|Any CPU
		{F4EC3E86-E45D-433A-86D0-378C45FD9E50}.Debug|Any CPU.ActiveCfg = Debug|Any CPU
		{F4EC3E86-E45D-433A-86D0-378C45FD9E50}.Debug|Any CPU.Build.0 = Debug|Any CPU
		{F4EC3E86-E45D-433A-86D0-378C45FD9E50}.Release|Any CPU.ActiveCfg = Release|Any CPU
		{F4EC3E86-E45D-433A-86D0-378C45FD9E50}.Release|Any CPU.Build.0 = Release|Any CPU
		{8CDA2294-6F4A-42AF-8570-C17AB827AC3A}.Debug|Any CPU.ActiveCfg = Debug|Any CPU
		{8CDA2294-6F4A-42AF-8570-C17AB827AC3A}.Debug|Any CPU.Build.0 = Debug|Any CPU
		{8CDA2294-6F4A-42AF-8570-C17AB827AC3A}.Release|Any CPU.ActiveCfg = Release|Any CPU
		{8CDA2294-6F4A-42AF-8570-C17AB827AC3A}.Release|Any CPU.Build.0 = Release|Any CPU
	EndGlobalSection
	GlobalSection(SolutionProperties) = preSolution
		HideSolutionNode = FALSE
	EndGlobalSection
	GlobalSection(NestedProjects) = preSolution
		{34F1DD45-7DF8-4643-B0CE-43B664482A13} = {58F9B0DB-28A5-45FB-93EE-28D7EC56E9F9}
		{673890F1-9769-4690-AD88-D4D805AAC2FC} = {58F9B0DB-28A5-45FB-93EE-28D7EC56E9F9}
		{BF94AC4C-5929-4D81-B5C3-3668AD82CC3B} = {58F9B0DB-28A5-45FB-93EE-28D7EC56E9F9}
		{52E8E04B-645E-4801-B5D0-81DF165DCFAD} = {58F9B0DB-28A5-45FB-93EE-28D7EC56E9F9}
		{15182C11-7FE4-4939-AC56-166BAED67B9C} = {58F9B0DB-28A5-45FB-93EE-28D7EC56E9F9}
		{22D37560-DFB5-4C59-BCBD-D999047B953F} = {58F9B0DB-28A5-45FB-93EE-28D7EC56E9F9}
		{5F1858F7-496B-4016-84E3-9C36B7DAE799} = {58F9B0DB-28A5-45FB-93EE-28D7EC56E9F9}
		{96D3AE91-8EAB-4BB2-A7C2-B5A0F3E4A71D} = {58F9B0DB-28A5-45FB-93EE-28D7EC56E9F9}
		{74571A1D-3B2C-4318-8604-2CD273F3F1B7} = {58F9B0DB-28A5-45FB-93EE-28D7EC56E9F9}
		{73FA2ED7-8AF7-4616-A804-8B0FD3C3FF51} = {58F9B0DB-28A5-45FB-93EE-28D7EC56E9F9}
		{9DC38F65-C570-47AD-B014-0DEA27B05378} = {58F9B0DB-28A5-45FB-93EE-28D7EC56E9F9}
		{8D6B5B76-0598-4801-A49A-EF3003586A46} = {58F9B0DB-28A5-45FB-93EE-28D7EC56E9F9}
		{E3D72434-6FFD-4EE1-BE71-D18C7DE2BCB7} = {58F9B0DB-28A5-45FB-93EE-28D7EC56E9F9}
		{EB5F40A4-0E8C-43BC-B03E-0B5940582B47} = {C363F275-BEFC-4A29-8E00-D924B9B8D833}
		{D884D923-82EA-466A-B590-1D13402B1F64} = {C363F275-BEFC-4A29-8E00-D924B9B8D833}
		{BDB3F18C-8CAA-491C-8D9C-101821D17F72} = {C363F275-BEFC-4A29-8E00-D924B9B8D833}
		{675F5F4F-F901-4E75-B0D9-2C50094E5204} = {C363F275-BEFC-4A29-8E00-D924B9B8D833}
		{55EE62CC-D9FA-446C-A634-B70776D04858} = {C363F275-BEFC-4A29-8E00-D924B9B8D833}
		{B54A13C6-EB6B-4CCC-800E-3A8AFDBC4A8B} = {C363F275-BEFC-4A29-8E00-D924B9B8D833}
		{EB45DCAF-24E9-406E-A405-C7B8E3AF4427} = {C363F275-BEFC-4A29-8E00-D924B9B8D833}
		{2ABA1A98-5E0A-450D-8DBA-2079586B70FD} = {C363F275-BEFC-4A29-8E00-D924B9B8D833}
		{725DDE18-28B2-4BC1-B9CB-D16AA98355B9} = {C363F275-BEFC-4A29-8E00-D924B9B8D833}
		{7A2493E7-5E43-4AED-A9CB-E84CF52A2C46} = {C363F275-BEFC-4A29-8E00-D924B9B8D833}
		{559C82D3-190F-4E42-89B5-A4FC191373DF} = {C363F275-BEFC-4A29-8E00-D924B9B8D833}
		{A20A7907-3610-47FE-B483-752C3A5A628F} = {C363F275-BEFC-4A29-8E00-D924B9B8D833}
		{1600A6FE-611F-4E93-8370-C3FF9BDEDD8E} = {C363F275-BEFC-4A29-8E00-D924B9B8D833}
		{DDFEA238-596F-4864-A371-CBD6E5F1A8A5} = {C363F275-BEFC-4A29-8E00-D924B9B8D833}
		{2DE465B6-67C1-4B8E-A16E-4E509A3FC43C} = {C363F275-BEFC-4A29-8E00-D924B9B8D833}
		{29BB6F40-FBB2-43B3-ABBC-69FC7253C191} = {C363F275-BEFC-4A29-8E00-D924B9B8D833}
		{6C51C5C2-ADDC-47FB-A97F-58CC2B8F5C6F} = {C363F275-BEFC-4A29-8E00-D924B9B8D833}
		{C363F275-BEFC-4A29-8E00-D924B9B8D833} = {2FF41235-E8ED-466A-8153-45F9A249F5F2}
		{C606E0FD-00F9-4820-BD08-FC231FA35116} = {2FF41235-E8ED-466A-8153-45F9A249F5F2}
		{3B0B2770-5A1F-4287-8C95-360FFDD2F0C5} = {C606E0FD-00F9-4820-BD08-FC231FA35116}
		{A92B704F-C85C-4FB7-9D3D-1F014407143D} = {C606E0FD-00F9-4820-BD08-FC231FA35116}
		{EEA6F2EF-78A7-4B46-9888-120B248C3982} = {C606E0FD-00F9-4820-BD08-FC231FA35116}
		{6C27B70C-EBBF-4B28-82C2-AE37E8F8B3F3} = {C606E0FD-00F9-4820-BD08-FC231FA35116}
		{64A91AB2-B886-4506-9E7B-391B461A0A97} = {C606E0FD-00F9-4820-BD08-FC231FA35116}
		{E453DE35-7135-489E-B246-461955F65EBE} = {C606E0FD-00F9-4820-BD08-FC231FA35116}
		{6C7D972C-2080-4C4C-BC41-8CC462EB0A7C} = {C606E0FD-00F9-4820-BD08-FC231FA35116}
		{6A699A3F-C21B-45FD-8E2A-BAF2625D5BC9} = {C606E0FD-00F9-4820-BD08-FC231FA35116}
		{F84FD720-73E6-43BC-BF26-7A456FDF4CA4} = {C606E0FD-00F9-4820-BD08-FC231FA35116}
		{4A83DFFC-9B7A-44ED-BA81-C0C3CB772503} = {C606E0FD-00F9-4820-BD08-FC231FA35116}
		{4EAEC4CF-7A74-4EDF-8AE1-91B9D446E28A} = {C606E0FD-00F9-4820-BD08-FC231FA35116}
		{9B5F1D32-8602-4B28-8A25-AF53CE9D2A3D} = {C606E0FD-00F9-4820-BD08-FC231FA35116}
		{457C3AEE-C5FC-43A8-BD48-E15AC9575964} = {C606E0FD-00F9-4820-BD08-FC231FA35116}
		{F0AA3688-4523-47BB-B383-7B54732E94D1} = {C606E0FD-00F9-4820-BD08-FC231FA35116}
		{09513820-4349-4B91-9FA1-BC07562EA7BB} = {C606E0FD-00F9-4820-BD08-FC231FA35116}
		{B931352F-13B8-4CB4-8DDC-91E83A3FBE3C} = {C606E0FD-00F9-4820-BD08-FC231FA35116}
		{D656C411-50D8-4CEB-8DA6-557ABF89824A} = {C606E0FD-00F9-4820-BD08-FC231FA35116}
		{3C0C59F2-9C59-4C80-81DE-A13A39FF7005} = {C606E0FD-00F9-4820-BD08-FC231FA35116}
		{03E0B553-78C5-42BA-BC89-60CFC1BA8348} = {C606E0FD-00F9-4820-BD08-FC231FA35116}
		{F8719800-1395-44D7-85B8-B7A3910FA944} = {C606E0FD-00F9-4820-BD08-FC231FA35116}
		{D4F7B891-969A-4A5D-86FA-10877A4188C7} = {C606E0FD-00F9-4820-BD08-FC231FA35116}
		{68B35C28-BB21-4E1C-BC3D-685F13C7B488} = {C606E0FD-00F9-4820-BD08-FC231FA35116}
		{283B49E7-D43D-4CD3-B830-298BB6C293D0} = {C606E0FD-00F9-4820-BD08-FC231FA35116}
		{6BD54604-3AEC-48A4-A210-137D6C7F610D} = {C606E0FD-00F9-4820-BD08-FC231FA35116}
		{F4EC3E86-E45D-433A-86D0-378C45FD9E50} = {C606E0FD-00F9-4820-BD08-FC231FA35116}
		{8CDA2294-6F4A-42AF-8570-C17AB827AC3A} = {C606E0FD-00F9-4820-BD08-FC231FA35116}
	EndGlobalSection
	GlobalSection(ExtensibilityGlobals) = postSolution
		SolutionGuid = {BF1D7DE8-4676-477F-99F2-4F7A313809A8}
	EndGlobalSection
EndGlobal
