
Microsoft Visual Studio Solution File, Format Version 12.00
# Visual Studio 15
VisualStudioVersion = 15.0.28307.168
MinimumVisualStudioVersion = 10.0.40219.1
Project("{9A19103F-16F7-4668-BE54-9A1E7A4F7556}") = "DesignPatternsCSharp", "DesignPatternsCSharp\DesignPatternsCSharp.csproj", "{34F1DD45-7DF8-4643-B0CE-43B664482A13}"
EndProject
Project("{9A19103F-16F7-4668-BE54-9A1E7A4F7556}") = "StrategyPattern", "StrategyPattern\StrategyPattern.csproj", "{673890F1-9769-4690-AD88-D4D805AAC2FC}"
EndProject
Project("{9A19103F-16F7-4668-BE54-9A1E7A4F7556}") = "StatePattern", "StatePattern\StatePattern.csproj", "{BF94AC4C-5929-4D81-B5C3-3668AD82CC3B}"
EndProject
Project("{9A19103F-16F7-4668-BE54-9A1E7A4F7556}") = "DesignPatternsCSharp.Tests", "DesignPatternsCSharp.Tests\DesignPatternsCSharp.Tests.csproj", "{52E8E04B-645E-4801-B5D0-81DF165DCFAD}"
EndProject
Project("{9A19103F-16F7-4668-BE54-9A1E7A4F7556}") = "CommandsPattern", "CommandsPattern\CommandsPattern.csproj", "{15182C11-7FE4-4939-AC56-166BAED67B9C}"
EndProject
Project("{9A19103F-16F7-4668-BE54-9A1E7A4F7556}") = "FactoryMethodPattern", "FactoryMethodPattern\FactoryMethodPattern.csproj", "{22D37560-DFB5-4C59-BCBD-D999047B953F}"
EndProject
Project("{9A19103F-16F7-4668-BE54-9A1E7A4F7556}") = "CompositePattern", "CompositePattern\CompositePattern.csproj", "{5F1858F7-496B-4016-84E3-9C36B7DAE799}"
EndProject
Project("{9A19103F-16F7-4668-BE54-9A1E7A4F7556}") = "BasicAlgorithmExercises", "BasicAlgorithmExercises\BasicAlgorithmExercises.csproj", "{0B80C0BC-6EA7-4FD6-BD8B-C029A968D021}"
EndProject
Project("{9A19103F-16F7-4668-BE54-9A1E7A4F7556}") = "SingleTon", "SingleTon\SingleTon.csproj", "{96D3AE91-8EAB-4BB2-A7C2-B5A0F3E4A71D}"
EndProject
Project("{9A19103F-16F7-4668-BE54-9A1E7A4F7556}") = "SmokeTestTool", "SmokeTestTool\SmokeTestTool.csproj", "{8F0998E2-CB48-46F5-AA72-70986A783259}"
EndProject
Project("{9A19103F-16F7-4668-BE54-9A1E7A4F7556}") = "DependencyInjection", "DependencyInjection\DependencyInjection.csproj", "{74571A1D-3B2C-4318-8604-2CD273F3F1B7}"
EndProject
Project("{9A19103F-16F7-4668-BE54-9A1E7A4F7556}") = "AbstractFactoryPattern", "AbstractFactoryPattern\AbstractFactoryPattern.csproj", "{73FA2ED7-8AF7-4616-A804-8B0FD3C3FF51}"
EndProject
Project("{9A19103F-16F7-4668-BE54-9A1E7A4F7556}") = "SOLIDPrinciples", "SOLIDPrinciples\SOLIDPrinciples.csproj", "{9DC38F65-C570-47AD-B014-0DEA27B05378}"
EndProject
Project("{9A19103F-16F7-4668-BE54-9A1E7A4F7556}") = "BuilderDesignPattern", "BuilderDesignPattern\BuilderDesignPattern.csproj", "{8D6B5B76-0598-4801-A49A-EF3003586A46}"
EndProject
Project("{9A19103F-16F7-4668-BE54-9A1E7A4F7556}") = "DecoratorPattern", "DecoratorPattern\DecoratorPattern.csproj", "{E3D72434-6FFD-4EE1-BE71-D18C7DE2BCB7}"
EndProject
Project("{2150E333-8FDC-42A3-9474-1A3956D46DE8}") = "CSharpProgramming", "CSharpProgramming", "{2FF41235-E8ED-466A-8153-45F9A249F5F2}"
EndProject
Project("{FAE04EC0-301F-11D3-BF4B-00C04F79EFBC}") = "Comments", "Comments\Comments.csproj", "{EB5F40A4-0E8C-43BC-B03E-0B5940582B47}"
EndProject
Project("{FAE04EC0-301F-11D3-BF4B-00C04F79EFBC}") = "Variables", "Variables\Variables.csproj", "{D884D923-82EA-466A-B590-1D13402B1F64}"
EndProject
Project("{FAE04EC0-301F-11D3-BF4B-00C04F79EFBC}") = "var", "var\var.csproj", "{BDB3F18C-8CAA-491C-8D9C-101821D17F72}"
EndProject
Project("{FAE04EC0-301F-11D3-BF4B-00C04F79EFBC}") = "TypeConversion", "TypeConversion\TypeConversion.csproj", "{675F5F4F-F901-4E75-B0D9-2C50094E5204}"
EndProject
Project("{2150E333-8FDC-42A3-9474-1A3956D46DE8}") = "DesignPatterns", "DesignPatterns", "{58F9B0DB-28A5-45FB-93EE-28D7EC56E9F9}"
EndProject
Project("{FAE04EC0-301F-11D3-BF4B-00C04F79EFBC}") = "ArithmeticOperators", "ArithmeticOperators\ArithmeticOperators.csproj", "{55EE62CC-D9FA-446C-A634-B70776D04858}"
EndProject
Project("{FAE04EC0-301F-11D3-BF4B-00C04F79EFBC}") = "ArithmeticOperatorsExercise", "ArithmeticOperatorsExercise\ArithmeticOperatorsExercise.csproj", "{B54A13C6-EB6B-4CCC-800E-3A8AFDBC4A8B}"
EndProject
Project("{FAE04EC0-301F-11D3-BF4B-00C04F79EFBC}") = "ComparisonOperators", "ComparisonOperators\ComparisonOperators.csproj", "{EB45DCAF-24E9-406E-A405-C7B8E3AF4427}"
EndProject
Project("{FAE04EC0-301F-11D3-BF4B-00C04F79EFBC}") = "ConditionalStatmentsIF", "ConditionalStatmentsIF\ConditionalStatmentsIF.csproj", "{2ABA1A98-5E0A-450D-8DBA-2079586B70FD}"
EndProject
Project("{FAE04EC0-301F-11D3-BF4B-00C04F79EFBC}") = "DataTypesInDepth", "DataTypesInDepth\DataTypesInDepth.csproj", "{725DDE18-28B2-4BC1-B9CB-D16AA98355B9}"
EndProject
Project("{FAE04EC0-301F-11D3-BF4B-00C04F79EFBC}") = "DateTimeExercise", "DateTimeExercise\DateTimeExercise.csproj", "{7A2493E7-5E43-4AED-A9CB-E84CF52A2C46}"
EndProject
Project("{FAE04EC0-301F-11D3-BF4B-00C04F79EFBC}") = "EvenOrOdd", "EvenOrOdd\EvenOrOdd.csproj", "{559C82D3-190F-4E42-89B5-A4FC191373DF}"
EndProject
Project("{FAE04EC0-301F-11D3-BF4B-00C04F79EFBC}") = "FloatingPointNumbers", "FloatingPointNumbers\FloatingPointNumbers.csproj", "{A20A7907-3610-47FE-B483-752C3A5A628F}"
EndProject
Project("{FAE04EC0-301F-11D3-BF4B-00C04F79EFBC}") = "LogicalOperators", "LogicalOperators\LogicalOperators.csproj", "{1600A6FE-611F-4E93-8370-C3FF9BDEDD8E}"
EndProject
Project("{FAE04EC0-301F-11D3-BF4B-00C04F79EFBC}") = "MoreLogicalOperators", "MoreLogicalOperators\MoreLogicalOperators.csproj", "{DDFEA238-596F-4864-A371-CBD6E5F1A8A5}"
EndProject
Project("{FAE04EC0-301F-11D3-BF4B-00C04F79EFBC}") = "PrecedenceOfoperators", "PrecedenceOfoperators\PrecedenceOfoperators.csproj", "{2DE465B6-67C1-4B8E-A16E-4E509A3FC43C}"
EndProject
Project("{FAE04EC0-301F-11D3-BF4B-00C04F79EFBC}") = "ReadLine", "ReadLine\ReadLine.csproj", "{29BB6F40-FBB2-43B3-ABBC-69FC7253C191}"
EndProject
Project("{FAE04EC0-301F-11D3-BF4B-00C04F79EFBC}") = "SwitchStatment", "SwitchStatment\SwitchStatment.csproj", "{6C51C5C2-ADDC-47FB-A97F-58CC2B8F5C6F}"
EndProject
Project("{2150E333-8FDC-42A3-9474-1A3956D46DE8}") = "Basics", "Basics", "{C363F275-BEFC-4A29-8E00-D924B9B8D833}"
EndProject
Global
	GlobalSection(SolutionConfigurationPlatforms) = preSolution
		Debug|Any CPU = Debug|Any CPU
		Release|Any CPU = Release|Any CPU
	EndGlobalSection
	GlobalSection(ProjectConfigurationPlatforms) = postSolution
		{34F1DD45-7DF8-4643-B0CE-43B664482A13}.Debug|Any CPU.ActiveCfg = Debug|Any CPU
		{34F1DD45-7DF8-4643-B0CE-43B664482A13}.Debug|Any CPU.Build.0 = Debug|Any CPU
		{34F1DD45-7DF8-4643-B0CE-43B664482A13}.Release|Any CPU.ActiveCfg = Release|Any CPU
		{34F1DD45-7DF8-4643-B0CE-43B664482A13}.Release|Any CPU.Build.0 = Release|Any CPU
		{673890F1-9769-4690-AD88-D4D805AAC2FC}.Debug|Any CPU.ActiveCfg = Debug|Any CPU
		{673890F1-9769-4690-AD88-D4D805AAC2FC}.Debug|Any CPU.Build.0 = Debug|Any CPU
		{673890F1-9769-4690-AD88-D4D805AAC2FC}.Release|Any CPU.ActiveCfg = Release|Any CPU
		{673890F1-9769-4690-AD88-D4D805AAC2FC}.Release|Any CPU.Build.0 = Release|Any CPU
		{BF94AC4C-5929-4D81-B5C3-3668AD82CC3B}.Debug|Any CPU.ActiveCfg = Debug|Any CPU
		{BF94AC4C-5929-4D81-B5C3-3668AD82CC3B}.Debug|Any CPU.Build.0 = Debug|Any CPU
		{BF94AC4C-5929-4D81-B5C3-3668AD82CC3B}.Release|Any CPU.ActiveCfg = Release|Any CPU
		{BF94AC4C-5929-4D81-B5C3-3668AD82CC3B}.Release|Any CPU.Build.0 = Release|Any CPU
		{52E8E04B-645E-4801-B5D0-81DF165DCFAD}.Debug|Any CPU.ActiveCfg = Debug|Any CPU
		{52E8E04B-645E-4801-B5D0-81DF165DCFAD}.Debug|Any CPU.Build.0 = Debug|Any CPU
		{52E8E04B-645E-4801-B5D0-81DF165DCFAD}.Release|Any CPU.ActiveCfg = Release|Any CPU
		{52E8E04B-645E-4801-B5D0-81DF165DCFAD}.Release|Any CPU.Build.0 = Release|Any CPU
		{15182C11-7FE4-4939-AC56-166BAED67B9C}.Debug|Any CPU.ActiveCfg = Debug|Any CPU
		{15182C11-7FE4-4939-AC56-166BAED67B9C}.Debug|Any CPU.Build.0 = Debug|Any CPU
		{15182C11-7FE4-4939-AC56-166BAED67B9C}.Release|Any CPU.ActiveCfg = Release|Any CPU
		{15182C11-7FE4-4939-AC56-166BAED67B9C}.Release|Any CPU.Build.0 = Release|Any CPU
		{22D37560-DFB5-4C59-BCBD-D999047B953F}.Debug|Any CPU.ActiveCfg = Debug|Any CPU
		{22D37560-DFB5-4C59-BCBD-D999047B953F}.Debug|Any CPU.Build.0 = Debug|Any CPU
		{22D37560-DFB5-4C59-BCBD-D999047B953F}.Release|Any CPU.ActiveCfg = Release|Any CPU
		{22D37560-DFB5-4C59-BCBD-D999047B953F}.Release|Any CPU.Build.0 = Release|Any CPU
		{5F1858F7-496B-4016-84E3-9C36B7DAE799}.Debug|Any CPU.ActiveCfg = Debug|Any CPU
		{5F1858F7-496B-4016-84E3-9C36B7DAE799}.Debug|Any CPU.Build.0 = Debug|Any CPU
		{5F1858F7-496B-4016-84E3-9C36B7DAE799}.Release|Any CPU.ActiveCfg = Release|Any CPU
		{5F1858F7-496B-4016-84E3-9C36B7DAE799}.Release|Any CPU.Build.0 = Release|Any CPU
		{0B80C0BC-6EA7-4FD6-BD8B-C029A968D021}.Debug|Any CPU.ActiveCfg = Debug|Any CPU
		{0B80C0BC-6EA7-4FD6-BD8B-C029A968D021}.Debug|Any CPU.Build.0 = Debug|Any CPU
		{0B80C0BC-6EA7-4FD6-BD8B-C029A968D021}.Release|Any CPU.ActiveCfg = Release|Any CPU
		{0B80C0BC-6EA7-4FD6-BD8B-C029A968D021}.Release|Any CPU.Build.0 = Release|Any CPU
		{96D3AE91-8EAB-4BB2-A7C2-B5A0F3E4A71D}.Debug|Any CPU.ActiveCfg = Debug|Any CPU
		{96D3AE91-8EAB-4BB2-A7C2-B5A0F3E4A71D}.Debug|Any CPU.Build.0 = Debug|Any CPU
		{96D3AE91-8EAB-4BB2-A7C2-B5A0F3E4A71D}.Release|Any CPU.ActiveCfg = Release|Any CPU
		{96D3AE91-8EAB-4BB2-A7C2-B5A0F3E4A71D}.Release|Any CPU.Build.0 = Release|Any CPU
		{8F0998E2-CB48-46F5-AA72-70986A783259}.Debug|Any CPU.ActiveCfg = Debug|Any CPU
		{8F0998E2-CB48-46F5-AA72-70986A783259}.Debug|Any CPU.Build.0 = Debug|Any CPU
		{8F0998E2-CB48-46F5-AA72-70986A783259}.Release|Any CPU.ActiveCfg = Release|Any CPU
		{8F0998E2-CB48-46F5-AA72-70986A783259}.Release|Any CPU.Build.0 = Release|Any CPU
		{74571A1D-3B2C-4318-8604-2CD273F3F1B7}.Debug|Any CPU.ActiveCfg = Debug|Any CPU
		{74571A1D-3B2C-4318-8604-2CD273F3F1B7}.Debug|Any CPU.Build.0 = Debug|Any CPU
		{74571A1D-3B2C-4318-8604-2CD273F3F1B7}.Release|Any CPU.ActiveCfg = Release|Any CPU
		{74571A1D-3B2C-4318-8604-2CD273F3F1B7}.Release|Any CPU.Build.0 = Release|Any CPU
		{73FA2ED7-8AF7-4616-A804-8B0FD3C3FF51}.Debug|Any CPU.ActiveCfg = Debug|Any CPU
		{73FA2ED7-8AF7-4616-A804-8B0FD3C3FF51}.Debug|Any CPU.Build.0 = Debug|Any CPU
		{73FA2ED7-8AF7-4616-A804-8B0FD3C3FF51}.Release|Any CPU.ActiveCfg = Release|Any CPU
		{73FA2ED7-8AF7-4616-A804-8B0FD3C3FF51}.Release|Any CPU.Build.0 = Release|Any CPU
		{9DC38F65-C570-47AD-B014-0DEA27B05378}.Debug|Any CPU.ActiveCfg = Debug|Any CPU
		{9DC38F65-C570-47AD-B014-0DEA27B05378}.Debug|Any CPU.Build.0 = Debug|Any CPU
		{9DC38F65-C570-47AD-B014-0DEA27B05378}.Release|Any CPU.ActiveCfg = Release|Any CPU
		{9DC38F65-C570-47AD-B014-0DEA27B05378}.Release|Any CPU.Build.0 = Release|Any CPU
		{8D6B5B76-0598-4801-A49A-EF3003586A46}.Debug|Any CPU.ActiveCfg = Debug|Any CPU
		{8D6B5B76-0598-4801-A49A-EF3003586A46}.Debug|Any CPU.Build.0 = Debug|Any CPU
		{8D6B5B76-0598-4801-A49A-EF3003586A46}.Release|Any CPU.ActiveCfg = Release|Any CPU
		{8D6B5B76-0598-4801-A49A-EF3003586A46}.Release|Any CPU.Build.0 = Release|Any CPU
		{E3D72434-6FFD-4EE1-BE71-D18C7DE2BCB7}.Debug|Any CPU.ActiveCfg = Debug|Any CPU
		{E3D72434-6FFD-4EE1-BE71-D18C7DE2BCB7}.Debug|Any CPU.Build.0 = Debug|Any CPU
		{E3D72434-6FFD-4EE1-BE71-D18C7DE2BCB7}.Release|Any CPU.ActiveCfg = Release|Any CPU
		{E3D72434-6FFD-4EE1-BE71-D18C7DE2BCB7}.Release|Any CPU.Build.0 = Release|Any CPU
		{EB5F40A4-0E8C-43BC-B03E-0B5940582B47}.Debug|Any CPU.ActiveCfg = Debug|Any CPU
		{EB5F40A4-0E8C-43BC-B03E-0B5940582B47}.Debug|Any CPU.Build.0 = Debug|Any CPU
		{EB5F40A4-0E8C-43BC-B03E-0B5940582B47}.Release|Any CPU.ActiveCfg = Release|Any CPU
		{EB5F40A4-0E8C-43BC-B03E-0B5940582B47}.Release|Any CPU.Build.0 = Release|Any CPU
		{D884D923-82EA-466A-B590-1D13402B1F64}.Debug|Any CPU.ActiveCfg = Debug|Any CPU
		{D884D923-82EA-466A-B590-1D13402B1F64}.Debug|Any CPU.Build.0 = Debug|Any CPU
		{D884D923-82EA-466A-B590-1D13402B1F64}.Release|Any CPU.ActiveCfg = Release|Any CPU
		{D884D923-82EA-466A-B590-1D13402B1F64}.Release|Any CPU.Build.0 = Release|Any CPU
		{BDB3F18C-8CAA-491C-8D9C-101821D17F72}.Debug|Any CPU.ActiveCfg = Debug|Any CPU
		{BDB3F18C-8CAA-491C-8D9C-101821D17F72}.Debug|Any CPU.Build.0 = Debug|Any CPU
		{BDB3F18C-8CAA-491C-8D9C-101821D17F72}.Release|Any CPU.ActiveCfg = Release|Any CPU
		{BDB3F18C-8CAA-491C-8D9C-101821D17F72}.Release|Any CPU.Build.0 = Release|Any CPU
		{675F5F4F-F901-4E75-B0D9-2C50094E5204}.Debug|Any CPU.ActiveCfg = Debug|Any CPU
		{675F5F4F-F901-4E75-B0D9-2C50094E5204}.Debug|Any CPU.Build.0 = Debug|Any CPU
		{675F5F4F-F901-4E75-B0D9-2C50094E5204}.Release|Any CPU.ActiveCfg = Release|Any CPU
		{675F5F4F-F901-4E75-B0D9-2C50094E5204}.Release|Any CPU.Build.0 = Release|Any CPU
		{55EE62CC-D9FA-446C-A634-B70776D04858}.Debug|Any CPU.ActiveCfg = Debug|Any CPU
		{55EE62CC-D9FA-446C-A634-B70776D04858}.Debug|Any CPU.Build.0 = Debug|Any CPU
		{55EE62CC-D9FA-446C-A634-B70776D04858}.Release|Any CPU.ActiveCfg = Release|Any CPU
		{55EE62CC-D9FA-446C-A634-B70776D04858}.Release|Any CPU.Build.0 = Release|Any CPU
		{B54A13C6-EB6B-4CCC-800E-3A8AFDBC4A8B}.Debug|Any CPU.ActiveCfg = Debug|Any CPU
		{B54A13C6-EB6B-4CCC-800E-3A8AFDBC4A8B}.Debug|Any CPU.Build.0 = Debug|Any CPU
		{B54A13C6-EB6B-4CCC-800E-3A8AFDBC4A8B}.Release|Any CPU.ActiveCfg = Release|Any CPU
		{B54A13C6-EB6B-4CCC-800E-3A8AFDBC4A8B}.Release|Any CPU.Build.0 = Release|Any CPU
		{EB45DCAF-24E9-406E-A405-C7B8E3AF4427}.Debug|Any CPU.ActiveCfg = Debug|Any CPU
		{EB45DCAF-24E9-406E-A405-C7B8E3AF4427}.Debug|Any CPU.Build.0 = Debug|Any CPU
		{EB45DCAF-24E9-406E-A405-C7B8E3AF4427}.Release|Any CPU.ActiveCfg = Release|Any CPU
		{EB45DCAF-24E9-406E-A405-C7B8E3AF4427}.Release|Any CPU.Build.0 = Release|Any CPU
		{2ABA1A98-5E0A-450D-8DBA-2079586B70FD}.Debug|Any CPU.ActiveCfg = Debug|Any CPU
		{2ABA1A98-5E0A-450D-8DBA-2079586B70FD}.Debug|Any CPU.Build.0 = Debug|Any CPU
		{2ABA1A98-5E0A-450D-8DBA-2079586B70FD}.Release|Any CPU.ActiveCfg = Release|Any CPU
		{2ABA1A98-5E0A-450D-8DBA-2079586B70FD}.Release|Any CPU.Build.0 = Release|Any CPU
		{725DDE18-28B2-4BC1-B9CB-D16AA98355B9}.Debug|Any CPU.ActiveCfg = Debug|Any CPU
		{725DDE18-28B2-4BC1-B9CB-D16AA98355B9}.Debug|Any CPU.Build.0 = Debug|Any CPU
		{725DDE18-28B2-4BC1-B9CB-D16AA98355B9}.Release|Any CPU.ActiveCfg = Release|Any CPU
		{725DDE18-28B2-4BC1-B9CB-D16AA98355B9}.Release|Any CPU.Build.0 = Release|Any CPU
		{7A2493E7-5E43-4AED-A9CB-E84CF52A2C46}.Debug|Any CPU.ActiveCfg = Debug|Any CPU
		{7A2493E7-5E43-4AED-A9CB-E84CF52A2C46}.Debug|Any CPU.Build.0 = Debug|Any CPU
		{7A2493E7-5E43-4AED-A9CB-E84CF52A2C46}.Release|Any CPU.ActiveCfg = Release|Any CPU
		{7A2493E7-5E43-4AED-A9CB-E84CF52A2C46}.Release|Any CPU.Build.0 = Release|Any CPU
		{559C82D3-190F-4E42-89B5-A4FC191373DF}.Debug|Any CPU.ActiveCfg = Debug|Any CPU
		{559C82D3-190F-4E42-89B5-A4FC191373DF}.Debug|Any CPU.Build.0 = Debug|Any CPU
		{559C82D3-190F-4E42-89B5-A4FC191373DF}.Release|Any CPU.ActiveCfg = Release|Any CPU
		{559C82D3-190F-4E42-89B5-A4FC191373DF}.Release|Any CPU.Build.0 = Release|Any CPU
		{A20A7907-3610-47FE-B483-752C3A5A628F}.Debug|Any CPU.ActiveCfg = Debug|Any CPU
		{A20A7907-3610-47FE-B483-752C3A5A628F}.Debug|Any CPU.Build.0 = Debug|Any CPU
		{A20A7907-3610-47FE-B483-752C3A5A628F}.Release|Any CPU.ActiveCfg = Release|Any CPU
		{A20A7907-3610-47FE-B483-752C3A5A628F}.Release|Any CPU.Build.0 = Release|Any CPU
		{1600A6FE-611F-4E93-8370-C3FF9BDEDD8E}.Debug|Any CPU.ActiveCfg = Debug|Any CPU
		{1600A6FE-611F-4E93-8370-C3FF9BDEDD8E}.Debug|Any CPU.Build.0 = Debug|Any CPU
		{1600A6FE-611F-4E93-8370-C3FF9BDEDD8E}.Release|Any CPU.ActiveCfg = Release|Any CPU
		{1600A6FE-611F-4E93-8370-C3FF9BDEDD8E}.Release|Any CPU.Build.0 = Release|Any CPU
		{DDFEA238-596F-4864-A371-CBD6E5F1A8A5}.Debug|Any CPU.ActiveCfg = Debug|Any CPU
		{DDFEA238-596F-4864-A371-CBD6E5F1A8A5}.Debug|Any CPU.Build.0 = Debug|Any CPU
		{DDFEA238-596F-4864-A371-CBD6E5F1A8A5}.Release|Any CPU.ActiveCfg = Release|Any CPU
		{DDFEA238-596F-4864-A371-CBD6E5F1A8A5}.Release|Any CPU.Build.0 = Release|Any CPU
		{2DE465B6-67C1-4B8E-A16E-4E509A3FC43C}.Debug|Any CPU.ActiveCfg = Debug|Any CPU
		{2DE465B6-67C1-4B8E-A16E-4E509A3FC43C}.Debug|Any CPU.Build.0 = Debug|Any CPU
		{2DE465B6-67C1-4B8E-A16E-4E509A3FC43C}.Release|Any CPU.ActiveCfg = Release|Any CPU
		{2DE465B6-67C1-4B8E-A16E-4E509A3FC43C}.Release|Any CPU.Build.0 = Release|Any CPU
		{29BB6F40-FBB2-43B3-ABBC-69FC7253C191}.Debug|Any CPU.ActiveCfg = Debug|Any CPU
		{29BB6F40-FBB2-43B3-ABBC-69FC7253C191}.Debug|Any CPU.Build.0 = Debug|Any CPU
		{29BB6F40-FBB2-43B3-ABBC-69FC7253C191}.Release|Any CPU.ActiveCfg = Release|Any CPU
		{29BB6F40-FBB2-43B3-ABBC-69FC7253C191}.Release|Any CPU.Build.0 = Release|Any CPU
		{6C51C5C2-ADDC-47FB-A97F-58CC2B8F5C6F}.Debug|Any CPU.ActiveCfg = Debug|Any CPU
		{6C51C5C2-ADDC-47FB-A97F-58CC2B8F5C6F}.Debug|Any CPU.Build.0 = Debug|Any CPU
		{6C51C5C2-ADDC-47FB-A97F-58CC2B8F5C6F}.Release|Any CPU.ActiveCfg = Release|Any CPU
		{6C51C5C2-ADDC-47FB-A97F-58CC2B8F5C6F}.Release|Any CPU.Build.0 = Release|Any CPU
	EndGlobalSection
	GlobalSection(SolutionProperties) = preSolution
		HideSolutionNode = FALSE
	EndGlobalSection
	GlobalSection(NestedProjects) = preSolution
		{34F1DD45-7DF8-4643-B0CE-43B664482A13} = {58F9B0DB-28A5-45FB-93EE-28D7EC56E9F9}
		{673890F1-9769-4690-AD88-D4D805AAC2FC} = {58F9B0DB-28A5-45FB-93EE-28D7EC56E9F9}
		{BF94AC4C-5929-4D81-B5C3-3668AD82CC3B} = {58F9B0DB-28A5-45FB-93EE-28D7EC56E9F9}
		{52E8E04B-645E-4801-B5D0-81DF165DCFAD} = {58F9B0DB-28A5-45FB-93EE-28D7EC56E9F9}
		{15182C11-7FE4-4939-AC56-166BAED67B9C} = {58F9B0DB-28A5-45FB-93EE-28D7EC56E9F9}
		{22D37560-DFB5-4C59-BCBD-D999047B953F} = {58F9B0DB-28A5-45FB-93EE-28D7EC56E9F9}
		{5F1858F7-496B-4016-84E3-9C36B7DAE799} = {58F9B0DB-28A5-45FB-93EE-28D7EC56E9F9}
		{96D3AE91-8EAB-4BB2-A7C2-B5A0F3E4A71D} = {58F9B0DB-28A5-45FB-93EE-28D7EC56E9F9}
		{74571A1D-3B2C-4318-8604-2CD273F3F1B7} = {58F9B0DB-28A5-45FB-93EE-28D7EC56E9F9}
		{73FA2ED7-8AF7-4616-A804-8B0FD3C3FF51} = {58F9B0DB-28A5-45FB-93EE-28D7EC56E9F9}
		{9DC38F65-C570-47AD-B014-0DEA27B05378} = {58F9B0DB-28A5-45FB-93EE-28D7EC56E9F9}
		{8D6B5B76-0598-4801-A49A-EF3003586A46} = {58F9B0DB-28A5-45FB-93EE-28D7EC56E9F9}
		{E3D72434-6FFD-4EE1-BE71-D18C7DE2BCB7} = {58F9B0DB-28A5-45FB-93EE-28D7EC56E9F9}
		{EB5F40A4-0E8C-43BC-B03E-0B5940582B47} = {C363F275-BEFC-4A29-8E00-D924B9B8D833}
		{D884D923-82EA-466A-B590-1D13402B1F64} = {C363F275-BEFC-4A29-8E00-D924B9B8D833}
		{BDB3F18C-8CAA-491C-8D9C-101821D17F72} = {C363F275-BEFC-4A29-8E00-D924B9B8D833}
		{675F5F4F-F901-4E75-B0D9-2C50094E5204} = {C363F275-BEFC-4A29-8E00-D924B9B8D833}
		{55EE62CC-D9FA-446C-A634-B70776D04858} = {C363F275-BEFC-4A29-8E00-D924B9B8D833}
		{B54A13C6-EB6B-4CCC-800E-3A8AFDBC4A8B} = {C363F275-BEFC-4A29-8E00-D924B9B8D833}
		{EB45DCAF-24E9-406E-A405-C7B8E3AF4427} = {C363F275-BEFC-4A29-8E00-D924B9B8D833}
		{2ABA1A98-5E0A-450D-8DBA-2079586B70FD} = {C363F275-BEFC-4A29-8E00-D924B9B8D833}
		{725DDE18-28B2-4BC1-B9CB-D16AA98355B9} = {C363F275-BEFC-4A29-8E00-D924B9B8D833}
		{7A2493E7-5E43-4AED-A9CB-E84CF52A2C46} = {C363F275-BEFC-4A29-8E00-D924B9B8D833}
		{559C82D3-190F-4E42-89B5-A4FC191373DF} = {C363F275-BEFC-4A29-8E00-D924B9B8D833}
		{A20A7907-3610-47FE-B483-752C3A5A628F} = {C363F275-BEFC-4A29-8E00-D924B9B8D833}
		{1600A6FE-611F-4E93-8370-C3FF9BDEDD8E} = {C363F275-BEFC-4A29-8E00-D924B9B8D833}
		{DDFEA238-596F-4864-A371-CBD6E5F1A8A5} = {C363F275-BEFC-4A29-8E00-D924B9B8D833}
		{2DE465B6-67C1-4B8E-A16E-4E509A3FC43C} = {C363F275-BEFC-4A29-8E00-D924B9B8D833}
		{29BB6F40-FBB2-43B3-ABBC-69FC7253C191} = {C363F275-BEFC-4A29-8E00-D924B9B8D833}
		{6C51C5C2-ADDC-47FB-A97F-58CC2B8F5C6F} = {C363F275-BEFC-4A29-8E00-D924B9B8D833}
		{C363F275-BEFC-4A29-8E00-D924B9B8D833} = {2FF41235-E8ED-466A-8153-45F9A249F5F2}
	EndGlobalSection
	GlobalSection(ExtensibilityGlobals) = postSolution
		SolutionGuid = {BF1D7DE8-4676-477F-99F2-4F7A313809A8}
	EndGlobalSection
EndGlobal
