
Microsoft Visual Studio Solution File, Format Version 12.00
# Visual Studio 15
VisualStudioVersion = 15.0.28307.168
MinimumVisualStudioVersion = 10.0.40219.1
Project("{9A19103F-16F7-4668-BE54-9A1E7A4F7556}") = "DesignPatternsCSharp", "DesignPatternsCSharp\DesignPatternsCSharp.csproj", "{34F1DD45-7DF8-4643-B0CE-43B664482A13}"
EndProject
Project("{9A19103F-16F7-4668-BE54-9A1E7A4F7556}") = "StrategyPattern", "StrategyPattern\StrategyPattern.csproj", "{673890F1-9769-4690-AD88-D4D805AAC2FC}"
EndProject
Project("{9A19103F-16F7-4668-BE54-9A1E7A4F7556}") = "StatePattern", "StatePattern\StatePattern.csproj", "{BF94AC4C-5929-4D81-B5C3-3668AD82CC3B}"
EndProject
Project("{9A19103F-16F7-4668-BE54-9A1E7A4F7556}") = "DesignPatternsCSharp.Tests", "DesignPatternsCSharp.Tests\DesignPatternsCSharp.Tests.csproj", "{52E8E04B-645E-4801-B5D0-81DF165DCFAD}"
EndProject
Project("{9A19103F-16F7-4668-BE54-9A1E7A4F7556}") = "CommandsPattern", "CommandsPattern\CommandsPattern.csproj", "{15182C11-7FE4-4939-AC56-166BAED67B9C}"
EndProject
Project("{9A19103F-16F7-4668-BE54-9A1E7A4F7556}") = "FactoryMethodPattern", "FactoryMethodPattern\FactoryMethodPattern.csproj", "{22D37560-DFB5-4C59-BCBD-D999047B953F}"
EndProject
Project("{9A19103F-16F7-4668-BE54-9A1E7A4F7556}") = "CompositePattern", "CompositePattern\CompositePattern.csproj", "{5F1858F7-496B-4016-84E3-9C36B7DAE799}"
EndProject
Project("{FAE04EC0-301F-11D3-BF4B-00C04F79EFBC}") = "BasicAlgorithmExercises", "BasicAlgorithmExercises\BasicAlgorithmExercises.csproj", "{0B80C0BC-6EA7-4FD6-BD8B-C029A968D021}"
EndProject
Global
	GlobalSection(SolutionConfigurationPlatforms) = preSolution
		Debug|Any CPU = Debug|Any CPU
		Release|Any CPU = Release|Any CPU
	EndGlobalSection
	GlobalSection(ProjectConfigurationPlatforms) = postSolution
		{34F1DD45-7DF8-4643-B0CE-43B664482A13}.Debug|Any CPU.ActiveCfg = Debug|Any CPU
		{34F1DD45-7DF8-4643-B0CE-43B664482A13}.Debug|Any CPU.Build.0 = Debug|Any CPU
		{34F1DD45-7DF8-4643-B0CE-43B664482A13}.Release|Any CPU.ActiveCfg = Release|Any CPU
		{34F1DD45-7DF8-4643-B0CE-43B664482A13}.Release|Any CPU.Build.0 = Release|Any CPU
		{673890F1-9769-4690-AD88-D4D805AAC2FC}.Debug|Any CPU.ActiveCfg = Debug|Any CPU
		{673890F1-9769-4690-AD88-D4D805AAC2FC}.Debug|Any CPU.Build.0 = Debug|Any CPU
		{673890F1-9769-4690-AD88-D4D805AAC2FC}.Release|Any CPU.ActiveCfg = Release|Any CPU
		{673890F1-9769-4690-AD88-D4D805AAC2FC}.Release|Any CPU.Build.0 = Release|Any CPU
		{BF94AC4C-5929-4D81-B5C3-3668AD82CC3B}.Debug|Any CPU.ActiveCfg = Debug|Any CPU
		{BF94AC4C-5929-4D81-B5C3-3668AD82CC3B}.Debug|Any CPU.Build.0 = Debug|Any CPU
		{BF94AC4C-5929-4D81-B5C3-3668AD82CC3B}.Release|Any CPU.ActiveCfg = Release|Any CPU
		{BF94AC4C-5929-4D81-B5C3-3668AD82CC3B}.Release|Any CPU.Build.0 = Release|Any CPU
		{52E8E04B-645E-4801-B5D0-81DF165DCFAD}.Debug|Any CPU.ActiveCfg = Debug|Any CPU
		{52E8E04B-645E-4801-B5D0-81DF165DCFAD}.Debug|Any CPU.Build.0 = Debug|Any CPU
		{52E8E04B-645E-4801-B5D0-81DF165DCFAD}.Release|Any CPU.ActiveCfg = Release|Any CPU
		{52E8E04B-645E-4801-B5D0-81DF165DCFAD}.Release|Any CPU.Build.0 = Release|Any CPU
		{15182C11-7FE4-4939-AC56-166BAED67B9C}.Debug|Any CPU.ActiveCfg = Debug|Any CPU
		{15182C11-7FE4-4939-AC56-166BAED67B9C}.Debug|Any CPU.Build.0 = Debug|Any CPU
		{15182C11-7FE4-4939-AC56-166BAED67B9C}.Release|Any CPU.ActiveCfg = Release|Any CPU
		{15182C11-7FE4-4939-AC56-166BAED67B9C}.Release|Any CPU.Build.0 = Release|Any CPU
		{22D37560-DFB5-4C59-BCBD-D999047B953F}.Debug|Any CPU.ActiveCfg = Debug|Any CPU
		{22D37560-DFB5-4C59-BCBD-D999047B953F}.Debug|Any CPU.Build.0 = Debug|Any CPU
		{22D37560-DFB5-4C59-BCBD-D999047B953F}.Release|Any CPU.ActiveCfg = Release|Any CPU
		{22D37560-DFB5-4C59-BCBD-D999047B953F}.Release|Any CPU.Build.0 = Release|Any CPU
		{5F1858F7-496B-4016-84E3-9C36B7DAE799}.Debug|Any CPU.ActiveCfg = Debug|Any CPU
		{5F1858F7-496B-4016-84E3-9C36B7DAE799}.Debug|Any CPU.Build.0 = Debug|Any CPU
		{5F1858F7-496B-4016-84E3-9C36B7DAE799}.Release|Any CPU.ActiveCfg = Release|Any CPU
		{5F1858F7-496B-4016-84E3-9C36B7DAE799}.Release|Any CPU.Build.0 = Release|Any CPU
		{0B80C0BC-6EA7-4FD6-BD8B-C029A968D021}.Debug|Any CPU.ActiveCfg = Debug|Any CPU
		{0B80C0BC-6EA7-4FD6-BD8B-C029A968D021}.Debug|Any CPU.Build.0 = Debug|Any CPU
		{0B80C0BC-6EA7-4FD6-BD8B-C029A968D021}.Release|Any CPU.ActiveCfg = Release|Any CPU
		{0B80C0BC-6EA7-4FD6-BD8B-C029A968D021}.Release|Any CPU.Build.0 = Release|Any CPU
	EndGlobalSection
	GlobalSection(SolutionProperties) = preSolution
		HideSolutionNode = FALSE
	EndGlobalSection
	GlobalSection(ExtensibilityGlobals) = postSolution
		SolutionGuid = {BF1D7DE8-4676-477F-99F2-4F7A313809A8}
	EndGlobalSection
EndGlobal
