
Microsoft Visual Studio Solution File, Format Version 12.00
# Visual Studio 15
VisualStudioVersion = 15.0.26730.12
MinimumVisualStudioVersion = 10.0.40219.1
Project("{FAE04EC0-301F-11D3-BF4B-00C04F79EFBC}") = "GenericsExercise", "GenericsExercise\GenericsExercise.csproj", "{5E1604F0-1EB8-4A7F-A5B4-102BECDC7E3D}"
EndProject
Global
	GlobalSection(SolutionConfigurationPlatforms) = preSolution
		Debug|Any CPU = Debug|Any CPU
		Release|Any CPU = Release|Any CPU
	EndGlobalSection
	GlobalSection(ProjectConfigurationPlatforms) = postSolution
		{5E1604F0-1EB8-4A7F-A5B4-102BECDC7E3D}.Debug|Any CPU.ActiveCfg = Debug|Any CPU
		{5E1604F0-1EB8-4A7F-A5B4-102BECDC7E3D}.Debug|Any CPU.Build.0 = Debug|Any CPU
		{5E1604F0-1EB8-4A7F-A5B4-102BECDC7E3D}.Release|Any CPU.ActiveCfg = Release|Any CPU
		{5E1604F0-1EB8-4A7F-A5B4-102BECDC7E3D}.Release|Any CPU.Build.0 = Release|Any CPU
	EndGlobalSection
	GlobalSection(SolutionProperties) = preSolution
		HideSolutionNode = FALSE
	EndGlobalSection
	GlobalSection(ExtensibilityGlobals) = postSolution
		SolutionGuid = {0F89F78D-FE5A-44C9-A43D-EC5084969713}
	EndGlobalSection
EndGlobal
