
Microsoft Visual Studio Solution File, Format Version 12.00
# Visual Studio 15
VisualStudioVersion = 15.0.26730.12
MinimumVisualStudioVersion = 10.0.40219.1
Project("{FAE04EC0-301F-11D3-BF4B-00C04F79EFBC}") = "ListofAnimalsExercise", "ListofAnimalsExercise\ListofAnimalsExercise.csproj", "{2F6F1962-B1D5-4C89-B862-2ACBB4D976C1}"
EndProject
Global
	GlobalSection(SolutionConfigurationPlatforms) = preSolution
		Debug|Any CPU = Debug|Any CPU
		Release|Any CPU = Release|Any CPU
	EndGlobalSection
	GlobalSection(ProjectConfigurationPlatforms) = postSolution
		{2F6F1962-B1D5-4C89-B862-2ACBB4D976C1}.Debug|Any CPU.ActiveCfg = Debug|Any CPU
		{2F6F1962-B1D5-4C89-B862-2ACBB4D976C1}.Debug|Any CPU.Build.0 = Debug|Any CPU
		{2F6F1962-B1D5-4C89-B862-2ACBB4D976C1}.Release|Any CPU.ActiveCfg = Release|Any CPU
		{2F6F1962-B1D5-4C89-B862-2ACBB4D976C1}.Release|Any CPU.Build.0 = Release|Any CPU
	EndGlobalSection
	GlobalSection(SolutionProperties) = preSolution
		HideSolutionNode = FALSE
	EndGlobalSection
	GlobalSection(ExtensibilityGlobals) = postSolution
		SolutionGuid = {23680638-2EE9-45C2-A5AD-CF18E9044D1F}
	EndGlobalSection
EndGlobal
