
Microsoft Visual Studio Solution File, Format Version 12.00
# Visual Studio 15
VisualStudioVersion = 15.0.26730.12
MinimumVisualStudioVersion = 10.0.40219.1
Project("{FAE04EC0-301F-11D3-BF4B-00C04F79EFBC}") = "NestedTuples", "NestedTuples\NestedTuples.csproj", "{715A55C5-7D59-4594-AA16-6514C080B2F9}"
EndProject
Global
	GlobalSection(SolutionConfigurationPlatforms) = preSolution
		Debug|Any CPU = Debug|Any CPU
		Release|Any CPU = Release|Any CPU
	EndGlobalSection
	GlobalSection(ProjectConfigurationPlatforms) = postSolution
		{715A55C5-7D59-4594-AA16-6514C080B2F9}.Debug|Any CPU.ActiveCfg = Debug|Any CPU
		{715A55C5-7D59-4594-AA16-6514C080B2F9}.Debug|Any CPU.Build.0 = Debug|Any CPU
		{715A55C5-7D59-4594-AA16-6514C080B2F9}.Release|Any CPU.ActiveCfg = Release|Any CPU
		{715A55C5-7D59-4594-AA16-6514C080B2F9}.Release|Any CPU.Build.0 = Release|Any CPU
	EndGlobalSection
	GlobalSection(SolutionProperties) = preSolution
		HideSolutionNode = FALSE
	EndGlobalSection
	GlobalSection(ExtensibilityGlobals) = postSolution
		SolutionGuid = {414820CC-3410-40D8-8452-C133688D75C1}
	EndGlobalSection
EndGlobal
