
Microsoft Visual Studio Solution File, Format Version 12.00
# Visual Studio 15
VisualStudioVersion = 15.0.26730.12
MinimumVisualStudioVersion = 10.0.40219.1
Project("{FAE04EC0-301F-11D3-BF4B-00C04F79EFBC}") = "DebugWriteLine", "DebugWriteLine\DebugWriteLine.csproj", "{23B030C3-2D0F-43AF-A543-FA35C63F919F}"
EndProject
Global
	GlobalSection(SolutionConfigurationPlatforms) = preSolution
		Debug|Any CPU = Debug|Any CPU
		Release|Any CPU = Release|Any CPU
	EndGlobalSection
	GlobalSection(ProjectConfigurationPlatforms) = postSolution
		{23B030C3-2D0F-43AF-A543-FA35C63F919F}.Debug|Any CPU.ActiveCfg = Debug|Any CPU
		{23B030C3-2D0F-43AF-A543-FA35C63F919F}.Debug|Any CPU.Build.0 = Debug|Any CPU
		{23B030C3-2D0F-43AF-A543-FA35C63F919F}.Release|Any CPU.ActiveCfg = Release|Any CPU
		{23B030C3-2D0F-43AF-A543-FA35C63F919F}.Release|Any CPU.Build.0 = Release|Any CPU
	EndGlobalSection
	GlobalSection(SolutionProperties) = preSolution
		HideSolutionNode = FALSE
	EndGlobalSection
	GlobalSection(ExtensibilityGlobals) = postSolution
		SolutionGuid = {4F251E78-74CF-469C-8012-C0B5BBC961F2}
	EndGlobalSection
EndGlobal
