
Microsoft Visual Studio Solution File, Format Version 12.00
# Visual Studio 15
VisualStudioVersion = 15.0.26730.12
MinimumVisualStudioVersion = 10.0.40219.1
Project("{FAE04EC0-301F-11D3-BF4B-00C04F79EFBC}") = "TuplesApp", "TuplesApp\TuplesApp.csproj", "{1B2E8438-C4E9-439D-B92D-59472403BE90}"
EndProject
Global
	GlobalSection(SolutionConfigurationPlatforms) = preSolution
		Debug|Any CPU = Debug|Any CPU
		Release|Any CPU = Release|Any CPU
	EndGlobalSection
	GlobalSection(ProjectConfigurationPlatforms) = postSolution
		{1B2E8438-C4E9-439D-B92D-59472403BE90}.Debug|Any CPU.ActiveCfg = Debug|Any CPU
		{1B2E8438-C4E9-439D-B92D-59472403BE90}.Debug|Any CPU.Build.0 = Debug|Any CPU
		{1B2E8438-C4E9-439D-B92D-59472403BE90}.Release|Any CPU.ActiveCfg = Release|Any CPU
		{1B2E8438-C4E9-439D-B92D-59472403BE90}.Release|Any CPU.Build.0 = Release|Any CPU
	EndGlobalSection
	GlobalSection(SolutionProperties) = preSolution
		HideSolutionNode = FALSE
	EndGlobalSection
	GlobalSection(ExtensibilityGlobals) = postSolution
		SolutionGuid = {06B3D088-1851-4F60-B14E-571CAF13E684}
	EndGlobalSection
EndGlobal
