
Microsoft Visual Studio Solution File, Format Version 12.00
# Visual Studio 15
VisualStudioVersion = 15.0.27004.2005
MinimumVisualStudioVersion = 10.0.40219.1
Project("{FAE04EC0-301F-11D3-BF4B-00C04F79EFBC}") = "ValueTuplesWithMethods", "ValueTuplesWithMethods\ValueTuplesWithMethods.csproj", "{3F7501D3-652E-4AC5-932F-9CD6B6E27AAF}"
EndProject
Global
	GlobalSection(SolutionConfigurationPlatforms) = preSolution
		Debug|Any CPU = Debug|Any CPU
		Release|Any CPU = Release|Any CPU
	EndGlobalSection
	GlobalSection(ProjectConfigurationPlatforms) = postSolution
		{3F7501D3-652E-4AC5-932F-9CD6B6E27AAF}.Debug|Any CPU.ActiveCfg = Debug|Any CPU
		{3F7501D3-652E-4AC5-932F-9CD6B6E27AAF}.Debug|Any CPU.Build.0 = Debug|Any CPU
		{3F7501D3-652E-4AC5-932F-9CD6B6E27AAF}.Release|Any CPU.ActiveCfg = Release|Any CPU
		{3F7501D3-652E-4AC5-932F-9CD6B6E27AAF}.Release|Any CPU.Build.0 = Release|Any CPU
	EndGlobalSection
	GlobalSection(SolutionProperties) = preSolution
		HideSolutionNode = FALSE
	EndGlobalSection
	GlobalSection(ExtensibilityGlobals) = postSolution
		SolutionGuid = {B0113B45-5D7F-415F-8F35-F11A281392E0}
	EndGlobalSection
EndGlobal
