
Microsoft Visual Studio Solution File, Format Version 12.00
# Visual Studio 15
VisualStudioVersion = 15.0.27004.2005
MinimumVisualStudioVersion = 10.0.40219.1
Project("{FAE04EC0-301F-11D3-BF4B-00C04F79EFBC}") = "NestedValueTuple", "NestedValueTuple\NestedValueTuple.csproj", "{96EEBBC1-DF54-434A-9392-46A6DCDCFFC8}"
EndProject
Global
	GlobalSection(SolutionConfigurationPlatforms) = preSolution
		Debug|Any CPU = Debug|Any CPU
		Release|Any CPU = Release|Any CPU
	EndGlobalSection
	GlobalSection(ProjectConfigurationPlatforms) = postSolution
		{96EEBBC1-DF54-434A-9392-46A6DCDCFFC8}.Debug|Any CPU.ActiveCfg = Debug|Any CPU
		{96EEBBC1-DF54-434A-9392-46A6DCDCFFC8}.Debug|Any CPU.Build.0 = Debug|Any CPU
		{96EEBBC1-DF54-434A-9392-46A6DCDCFFC8}.Release|Any CPU.ActiveCfg = Release|Any CPU
		{96EEBBC1-DF54-434A-9392-46A6DCDCFFC8}.Release|Any CPU.Build.0 = Release|Any CPU
	EndGlobalSection
	GlobalSection(SolutionProperties) = preSolution
		HideSolutionNode = FALSE
	EndGlobalSection
	GlobalSection(ExtensibilityGlobals) = postSolution
		SolutionGuid = {DD756078-403F-40E0-89DA-51095F40BADC}
	EndGlobalSection
EndGlobal
