
Microsoft Visual Studio Solution File, Format Version 12.00
# Visual Studio 15
VisualStudioVersion = 15.0.26730.12
MinimumVisualStudioVersion = 10.0.40219.1
Project("{FAE04EC0-301F-11D3-BF4B-00C04F79EFBC}") = "FilesWrite", "FilesWrite\FilesWrite.csproj", "{2769A85D-0F66-4008-BE50-DD11EC6BBB13}"
EndProject
Global
	GlobalSection(SolutionConfigurationPlatforms) = preSolution
		Debug|Any CPU = Debug|Any CPU
		Release|Any CPU = Release|Any CPU
	EndGlobalSection
	GlobalSection(ProjectConfigurationPlatforms) = postSolution
		{2769A85D-0F66-4008-BE50-DD11EC6BBB13}.Debug|Any CPU.ActiveCfg = Debug|Any CPU
		{2769A85D-0F66-4008-BE50-DD11EC6BBB13}.Debug|Any CPU.Build.0 = Debug|Any CPU
		{2769A85D-0F66-4008-BE50-DD11EC6BBB13}.Release|Any CPU.ActiveCfg = Release|Any CPU
		{2769A85D-0F66-4008-BE50-DD11EC6BBB13}.Release|Any CPU.Build.0 = Release|Any CPU
	EndGlobalSection
	GlobalSection(SolutionProperties) = preSolution
		HideSolutionNode = FALSE
	EndGlobalSection
	GlobalSection(ExtensibilityGlobals) = postSolution
		SolutionGuid = {5998C305-4270-4156-8B1C-D3E1EB133A03}
	EndGlobalSection
EndGlobal
