
Microsoft Visual Studio Solution File, Format Version 12.00
# Visual Studio 15
VisualStudioVersion = 15.0.26730.12
MinimumVisualStudioVersion = 10.0.40219.1
Project("{FAE04EC0-301F-11D3-BF4B-00C04F79EFBC}") = "DictionaryApp", "DictionaryApp\DictionaryApp.csproj", "{7AE99297-61CF-46B8-AD72-591248FE340B}"
EndProject
Global
	GlobalSection(SolutionConfigurationPlatforms) = preSolution
		Debug|Any CPU = Debug|Any CPU
		Release|Any CPU = Release|Any CPU
	EndGlobalSection
	GlobalSection(ProjectConfigurationPlatforms) = postSolution
		{7AE99297-61CF-46B8-AD72-591248FE340B}.Debug|Any CPU.ActiveCfg = Debug|Any CPU
		{7AE99297-61CF-46B8-AD72-591248FE340B}.Debug|Any CPU.Build.0 = Debug|Any CPU
		{7AE99297-61CF-46B8-AD72-591248FE340B}.Release|Any CPU.ActiveCfg = Release|Any CPU
		{7AE99297-61CF-46B8-AD72-591248FE340B}.Release|Any CPU.Build.0 = Release|Any CPU
	EndGlobalSection
	GlobalSection(SolutionProperties) = preSolution
		HideSolutionNode = FALSE
	EndGlobalSection
	GlobalSection(ExtensibilityGlobals) = postSolution
		SolutionGuid = {1FD3138D-F07C-4AA1-9445-05709D38F1AD}
	EndGlobalSection
EndGlobal
