
Microsoft Visual Studio Solution File, Format Version 12.00
# Visual Studio 15
VisualStudioVersion = 15.0.26730.12
MinimumVisualStudioVersion = 10.0.40219.1
Project("{FAE04EC0-301F-11D3-BF4B-00C04F79EFBC}") = "SealedClasses", "SealedClasses\SealedClasses.csproj", "{283B49E7-D43D-4CD3-B830-298BB6C293D0}"
EndProject
Global
	GlobalSection(SolutionConfigurationPlatforms) = preSolution
		Debug|Any CPU = Debug|Any CPU
		Release|Any CPU = Release|Any CPU
	EndGlobalSection
	GlobalSection(ProjectConfigurationPlatforms) = postSolution
		{283B49E7-D43D-4CD3-B830-298BB6C293D0}.Debug|Any CPU.ActiveCfg = Debug|Any CPU
		{283B49E7-D43D-4CD3-B830-298BB6C293D0}.Debug|Any CPU.Build.0 = Debug|Any CPU
		{283B49E7-D43D-4CD3-B830-298BB6C293D0}.Release|Any CPU.ActiveCfg = Release|Any CPU
		{283B49E7-D43D-4CD3-B830-298BB6C293D0}.Release|Any CPU.Build.0 = Release|Any CPU
	EndGlobalSection
	GlobalSection(SolutionProperties) = preSolution
		HideSolutionNode = FALSE
	EndGlobalSection
	GlobalSection(ExtensibilityGlobals) = postSolution
		SolutionGuid = {206134C6-91FB-4585-A1C6-61763F74FA5A}
	EndGlobalSection
EndGlobal
