
Microsoft Visual Studio Solution File, Format Version 12.00
# Visual Studio 15
VisualStudioVersion = 15.0.26730.12
MinimumVisualStudioVersion = 10.0.40219.1
Project("{FAE04EC0-301F-11D3-BF4B-00C04F79EFBC}") = "SortedListApp", "SortedListApp\SortedListApp.csproj", "{D8762BB2-2727-442F-870F-9EEDE1E682B1}"
EndProject
Global
	GlobalSection(SolutionConfigurationPlatforms) = preSolution
		Debug|Any CPU = Debug|Any CPU
		Release|Any CPU = Release|Any CPU
	EndGlobalSection
	GlobalSection(ProjectConfigurationPlatforms) = postSolution
		{D8762BB2-2727-442F-870F-9EEDE1E682B1}.Debug|Any CPU.ActiveCfg = Debug|Any CPU
		{D8762BB2-2727-442F-870F-9EEDE1E682B1}.Debug|Any CPU.Build.0 = Debug|Any CPU
		{D8762BB2-2727-442F-870F-9EEDE1E682B1}.Release|Any CPU.ActiveCfg = Release|Any CPU
		{D8762BB2-2727-442F-870F-9EEDE1E682B1}.Release|Any CPU.Build.0 = Release|Any CPU
	EndGlobalSection
	GlobalSection(SolutionProperties) = preSolution
		HideSolutionNode = FALSE
	EndGlobalSection
	GlobalSection(ExtensibilityGlobals) = postSolution
		SolutionGuid = {0C8410D1-3B9A-40C4-9D0D-CF67465AE818}
	EndGlobalSection
EndGlobal
