
Microsoft Visual Studio Solution File, Format Version 12.00
# Visual Studio 15
VisualStudioVersion = 15.0.26730.12
MinimumVisualStudioVersion = 10.0.40219.1
Project("{FAE04EC0-301F-11D3-BF4B-00C04F79EFBC}") = "DefaultKeyword", "DefaultKeyword\DefaultKeyword.csproj", "{5D5E9079-2D1A-433A-A3A8-F01F25021ADC}"
EndProject
Global
	GlobalSection(SolutionConfigurationPlatforms) = preSolution
		Debug|Any CPU = Debug|Any CPU
		Release|Any CPU = Release|Any CPU
	EndGlobalSection
	GlobalSection(ProjectConfigurationPlatforms) = postSolution
		{5D5E9079-2D1A-433A-A3A8-F01F25021ADC}.Debug|Any CPU.ActiveCfg = Debug|Any CPU
		{5D5E9079-2D1A-433A-A3A8-F01F25021ADC}.Debug|Any CPU.Build.0 = Debug|Any CPU
		{5D5E9079-2D1A-433A-A3A8-F01F25021ADC}.Release|Any CPU.ActiveCfg = Release|Any CPU
		{5D5E9079-2D1A-433A-A3A8-F01F25021ADC}.Release|Any CPU.Build.0 = Release|Any CPU
	EndGlobalSection
	GlobalSection(SolutionProperties) = preSolution
		HideSolutionNode = FALSE
	EndGlobalSection
	GlobalSection(ExtensibilityGlobals) = postSolution
		SolutionGuid = {01CC739C-2529-4570-BB08-6543D11A1032}
	EndGlobalSection
EndGlobal
