
Microsoft Visual Studio Solution File, Format Version 12.00
# Visual Studio 15
VisualStudioVersion = 15.0.26730.12
MinimumVisualStudioVersion = 10.0.40219.1
Project("{FAE04EC0-301F-11D3-BF4B-00C04F79EFBC}") = "ListApp", "ListApp\ListApp.csproj", "{FE67EE18-7472-4058-8C95-4D044F135A86}"
EndProject
Global
	GlobalSection(SolutionConfigurationPlatforms) = preSolution
		Debug|Any CPU = Debug|Any CPU
		Release|Any CPU = Release|Any CPU
	EndGlobalSection
	GlobalSection(ProjectConfigurationPlatforms) = postSolution
		{FE67EE18-7472-4058-8C95-4D044F135A86}.Debug|Any CPU.ActiveCfg = Debug|Any CPU
		{FE67EE18-7472-4058-8C95-4D044F135A86}.Debug|Any CPU.Build.0 = Debug|Any CPU
		{FE67EE18-7472-4058-8C95-4D044F135A86}.Release|Any CPU.ActiveCfg = Release|Any CPU
		{FE67EE18-7472-4058-8C95-4D044F135A86}.Release|Any CPU.Build.0 = Release|Any CPU
	EndGlobalSection
	GlobalSection(SolutionProperties) = preSolution
		HideSolutionNode = FALSE
	EndGlobalSection
	GlobalSection(ExtensibilityGlobals) = postSolution
		SolutionGuid = {D5A9B5FA-C7B6-474C-852A-961181D1D174}
	EndGlobalSection
EndGlobal
