
Microsoft Visual Studio Solution File, Format Version 12.00
# Visual Studio 15
VisualStudioVersion = 15.0.26730.12
MinimumVisualStudioVersion = 10.0.40219.1
Project("{FAE04EC0-301F-11D3-BF4B-00C04F79EFBC}") = "SortedDictionary", "SortedDictionary\SortedDictionary.csproj", "{F53B0ADB-D439-450C-8040-233C45FE706E}"
EndProject
Global
	GlobalSection(SolutionConfigurationPlatforms) = preSolution
		Debug|Any CPU = Debug|Any CPU
		Release|Any CPU = Release|Any CPU
	EndGlobalSection
	GlobalSection(ProjectConfigurationPlatforms) = postSolution
		{F53B0ADB-D439-450C-8040-233C45FE706E}.Debug|Any CPU.ActiveCfg = Debug|Any CPU
		{F53B0ADB-D439-450C-8040-233C45FE706E}.Debug|Any CPU.Build.0 = Debug|Any CPU
		{F53B0ADB-D439-450C-8040-233C45FE706E}.Release|Any CPU.ActiveCfg = Release|Any CPU
		{F53B0ADB-D439-450C-8040-233C45FE706E}.Release|Any CPU.Build.0 = Release|Any CPU
	EndGlobalSection
	GlobalSection(SolutionProperties) = preSolution
		HideSolutionNode = FALSE
	EndGlobalSection
	GlobalSection(ExtensibilityGlobals) = postSolution
		SolutionGuid = {62417720-595C-491E-B747-28D491177E70}
	EndGlobalSection
EndGlobal
